
Microsoft Visual Studio Solution File, Format Version 10.00
# Visual Studio 2008
Project("{FAE04EC0-301F-11D3-BF4B-00C04F79EFBC}") = "Snippet11-10", "Snippet11-10\Snippet11-10.csproj", "{4B448633-4D9A-4AB9-A2C2-F5F038B6C9F6}"
EndProject
Project("{FAE04EC0-301F-11D3-BF4B-00C04F79EFBC}") = "Snippet11-10Web", "Snippet11-10Web\Snippet11-10Web.csproj", "{F6A10F7E-36C9-4DF6-9B44-01637A034CA6}"
EndProject
Global
	GlobalSection(SolutionConfigurationPlatforms) = preSolution
		Debug|Any CPU = Debug|Any CPU
		Release|Any CPU = Release|Any CPU
	EndGlobalSection
	GlobalSection(ProjectConfigurationPlatforms) = postSolution
		{4B448633-4D9A-4AB9-A2C2-F5F038B6C9F6}.Debug|Any CPU.ActiveCfg = Debug|Any CPU
		{4B448633-4D9A-4AB9-A2C2-F5F038B6C9F6}.Debug|Any CPU.Build.0 = Debug|Any CPU
		{4B448633-4D9A-4AB9-A2C2-F5F038B6C9F6}.Release|Any CPU.ActiveCfg = Release|Any CPU
		{4B448633-4D9A-4AB9-A2C2-F5F038B6C9F6}.Release|Any CPU.Build.0 = Release|Any CPU
		{F6A10F7E-36C9-4DF6-9B44-01637A034CA6}.Debug|Any CPU.ActiveCfg = Debug|Any CPU
		{F6A10F7E-36C9-4DF6-9B44-01637A034CA6}.Debug|Any CPU.Build.0 = Debug|Any CPU
		{F6A10F7E-36C9-4DF6-9B44-01637A034CA6}.Release|Any CPU.ActiveCfg = Release|Any CPU
		{F6A10F7E-36C9-4DF6-9B44-01637A034CA6}.Release|Any CPU.Build.0 = Release|Any CPU
	EndGlobalSection
	GlobalSection(SolutionProperties) = preSolution
		HideSolutionNode = FALSE
	EndGlobalSection
EndGlobal
