
Microsoft Visual Studio Solution File, Format Version 10.00
# Visual Studio 2008
Project("{FAE04EC0-301F-11D3-BF4B-00C04F79EFBC}") = "Snippet11-24", "Snippet11-24\Snippet11-24.csproj", "{C01A8056-2761-4ABC-BAB3-D89A441215C9}"
EndProject
Project("{FAE04EC0-301F-11D3-BF4B-00C04F79EFBC}") = "Snippet11-24Web", "Snippet11-24Web\Snippet11-24Web.csproj", "{6C77A007-2375-4616-82CC-B3BE08C1B69F}"
EndProject
Global
	GlobalSection(SolutionConfigurationPlatforms) = preSolution
		Debug|Any CPU = Debug|Any CPU
		Release|Any CPU = Release|Any CPU
	EndGlobalSection
	GlobalSection(ProjectConfigurationPlatforms) = postSolution
		{C01A8056-2761-4ABC-BAB3-D89A441215C9}.Debug|Any CPU.ActiveCfg = Debug|Any CPU
		{C01A8056-2761-4ABC-BAB3-D89A441215C9}.Debug|Any CPU.Build.0 = Debug|Any CPU
		{C01A8056-2761-4ABC-BAB3-D89A441215C9}.Release|Any CPU.ActiveCfg = Release|Any CPU
		{C01A8056-2761-4ABC-BAB3-D89A441215C9}.Release|Any CPU.Build.0 = Release|Any CPU
		{6C77A007-2375-4616-82CC-B3BE08C1B69F}.Debug|Any CPU.ActiveCfg = Debug|Any CPU
		{6C77A007-2375-4616-82CC-B3BE08C1B69F}.Debug|Any CPU.Build.0 = Debug|Any CPU
		{6C77A007-2375-4616-82CC-B3BE08C1B69F}.Release|Any CPU.ActiveCfg = Release|Any CPU
		{6C77A007-2375-4616-82CC-B3BE08C1B69F}.Release|Any CPU.Build.0 = Release|Any CPU
	EndGlobalSection
	GlobalSection(SolutionProperties) = preSolution
		HideSolutionNode = FALSE
	EndGlobalSection
EndGlobal
