
Microsoft Visual Studio Solution File, Format Version 10.00
# Visual Studio 2008
Project("{FAE04EC0-301F-11D3-BF4B-00C04F79EFBC}") = "Snippet3-6", "Snippet3-6\Snippet3-6.csproj", "{A8EE12C0-2B61-405A-B0F5-F500C0EE9E6E}"
EndProject
Project("{E24C65DC-7377-472B-9ABA-BC803B73C61A}") = "Snippet3-6Web", "Snippet3-6Web\", "{A2876C7F-8A1F-4431-B85B-75EE37D66658}"
	ProjectSection(WebsiteProperties) = preProject
		TargetFramework = "3.5"
		Debug.AspNetCompiler.VirtualPath = "/Snippet3-6Web"
		Debug.AspNetCompiler.PhysicalPath = "Snippet3-6Web\"
		Debug.AspNetCompiler.TargetPath = "PrecompiledWeb\Snippet3-6Web\"
		Debug.AspNetCompiler.Updateable = "true"
		Debug.AspNetCompiler.ForceOverwrite = "true"
		Debug.AspNetCompiler.FixedNames = "false"
		Debug.AspNetCompiler.Debug = "True"
		Release.AspNetCompiler.VirtualPath = "/Snippet3-6Web"
		Release.AspNetCompiler.PhysicalPath = "Snippet3-6Web\"
		Release.AspNetCompiler.TargetPath = "PrecompiledWeb\Snippet3-6Web\"
		Release.AspNetCompiler.Updateable = "true"
		Release.AspNetCompiler.ForceOverwrite = "true"
		Release.AspNetCompiler.FixedNames = "false"
		Release.AspNetCompiler.Debug = "False"
		VWDPort = "49855"
		DefaultWebSiteLanguage = "Visual C#"
		ProjOutputReferences = "{A8EE12C0-2B61-405A-B0F5-F500C0EE9E6E}|ClientBin|false;"
	EndProjectSection
EndProject
Global
	GlobalSection(SolutionConfigurationPlatforms) = preSolution
		Debug|.NET = Debug|.NET
		Debug|Any CPU = Debug|Any CPU
		Debug|Mixed Platforms = Debug|Mixed Platforms
		Release|.NET = Release|.NET
		Release|Any CPU = Release|Any CPU
		Release|Mixed Platforms = Release|Mixed Platforms
	EndGlobalSection
	GlobalSection(ProjectConfigurationPlatforms) = postSolution
		{A8EE12C0-2B61-405A-B0F5-F500C0EE9E6E}.Debug|.NET.ActiveCfg = Debug|Any CPU
		{A8EE12C0-2B61-405A-B0F5-F500C0EE9E6E}.Debug|Any CPU.ActiveCfg = Debug|Any CPU
		{A8EE12C0-2B61-405A-B0F5-F500C0EE9E6E}.Debug|Any CPU.Build.0 = Debug|Any CPU
		{A8EE12C0-2B61-405A-B0F5-F500C0EE9E6E}.Debug|Mixed Platforms.ActiveCfg = Debug|Any CPU
		{A8EE12C0-2B61-405A-B0F5-F500C0EE9E6E}.Debug|Mixed Platforms.Build.0 = Debug|Any CPU
		{A8EE12C0-2B61-405A-B0F5-F500C0EE9E6E}.Release|.NET.ActiveCfg = Release|Any CPU
		{A8EE12C0-2B61-405A-B0F5-F500C0EE9E6E}.Release|Any CPU.ActiveCfg = Release|Any CPU
		{A8EE12C0-2B61-405A-B0F5-F500C0EE9E6E}.Release|Any CPU.Build.0 = Release|Any CPU
		{A8EE12C0-2B61-405A-B0F5-F500C0EE9E6E}.Release|Mixed Platforms.ActiveCfg = Release|Any CPU
		{A8EE12C0-2B61-405A-B0F5-F500C0EE9E6E}.Release|Mixed Platforms.Build.0 = Release|Any CPU
		{A2876C7F-8A1F-4431-B85B-75EE37D66658}.Debug|.NET.ActiveCfg = Debug|.NET
		{A2876C7F-8A1F-4431-B85B-75EE37D66658}.Debug|.NET.Build.0 = Debug|.NET
		{A2876C7F-8A1F-4431-B85B-75EE37D66658}.Debug|Any CPU.ActiveCfg = Debug|.NET
		{A2876C7F-8A1F-4431-B85B-75EE37D66658}.Debug|Mixed Platforms.ActiveCfg = Debug|.NET
		{A2876C7F-8A1F-4431-B85B-75EE37D66658}.Debug|Mixed Platforms.Build.0 = Debug|.NET
		{A2876C7F-8A1F-4431-B85B-75EE37D66658}.Release|.NET.ActiveCfg = Debug|.NET
		{A2876C7F-8A1F-4431-B85B-75EE37D66658}.Release|.NET.Build.0 = Debug|.NET
		{A2876C7F-8A1F-4431-B85B-75EE37D66658}.Release|Any CPU.ActiveCfg = Debug|.NET
		{A2876C7F-8A1F-4431-B85B-75EE37D66658}.Release|Mixed Platforms.ActiveCfg = Debug|.NET
		{A2876C7F-8A1F-4431-B85B-75EE37D66658}.Release|Mixed Platforms.Build.0 = Debug|.NET
	EndGlobalSection
	GlobalSection(SolutionProperties) = preSolution
		HideSolutionNode = FALSE
	EndGlobalSection
EndGlobal
