
Microsoft Visual Studio Solution File, Format Version 10.00
# Visual Studio 2008
Project("{FAE04EC0-301F-11D3-BF4B-00C04F79EFBC}") = "Snippet11-11", "Snippet11-11\Snippet11-11.csproj", "{51F6E1BF-EEF7-4394-B711-1A8E44DC8C36}"
EndProject
Project("{FAE04EC0-301F-11D3-BF4B-00C04F79EFBC}") = "Snippet11-11Web", "Snippet11-11Web\Snippet11-11Web.csproj", "{4188CDFA-4517-4402-AB46-5E29DFDE949D}"
EndProject
Global
	GlobalSection(SolutionConfigurationPlatforms) = preSolution
		Debug|Any CPU = Debug|Any CPU
		Release|Any CPU = Release|Any CPU
	EndGlobalSection
	GlobalSection(ProjectConfigurationPlatforms) = postSolution
		{51F6E1BF-EEF7-4394-B711-1A8E44DC8C36}.Debug|Any CPU.ActiveCfg = Debug|Any CPU
		{51F6E1BF-EEF7-4394-B711-1A8E44DC8C36}.Debug|Any CPU.Build.0 = Debug|Any CPU
		{51F6E1BF-EEF7-4394-B711-1A8E44DC8C36}.Release|Any CPU.ActiveCfg = Release|Any CPU
		{51F6E1BF-EEF7-4394-B711-1A8E44DC8C36}.Release|Any CPU.Build.0 = Release|Any CPU
		{4188CDFA-4517-4402-AB46-5E29DFDE949D}.Debug|Any CPU.ActiveCfg = Debug|Any CPU
		{4188CDFA-4517-4402-AB46-5E29DFDE949D}.Debug|Any CPU.Build.0 = Debug|Any CPU
		{4188CDFA-4517-4402-AB46-5E29DFDE949D}.Release|Any CPU.ActiveCfg = Release|Any CPU
		{4188CDFA-4517-4402-AB46-5E29DFDE949D}.Release|Any CPU.Build.0 = Release|Any CPU
	EndGlobalSection
	GlobalSection(SolutionProperties) = preSolution
		HideSolutionNode = FALSE
	EndGlobalSection
EndGlobal
