
Microsoft Visual Studio Solution File, Format Version 10.00
# Visual Studio 2008
Project("{FAE04EC0-301F-11D3-BF4B-00C04F79EFBC}") = "Snippet10-4", "Snippet10-4\Snippet10-4.csproj", "{B6684BAB-9BC5-47B3-BB48-917DF6FA03F1}"
EndProject
Project("{FAE04EC0-301F-11D3-BF4B-00C04F79EFBC}") = "Snippet10-4Web", "Snippet10-4Web\Snippet10-4Web.csproj", "{83CF3945-011A-43E6-A1D8-8665D9081E05}"
EndProject
Global
	GlobalSection(SolutionConfigurationPlatforms) = preSolution
		Debug|Any CPU = Debug|Any CPU
		Release|Any CPU = Release|Any CPU
	EndGlobalSection
	GlobalSection(ProjectConfigurationPlatforms) = postSolution
		{B6684BAB-9BC5-47B3-BB48-917DF6FA03F1}.Debug|Any CPU.ActiveCfg = Debug|Any CPU
		{B6684BAB-9BC5-47B3-BB48-917DF6FA03F1}.Debug|Any CPU.Build.0 = Debug|Any CPU
		{B6684BAB-9BC5-47B3-BB48-917DF6FA03F1}.Release|Any CPU.ActiveCfg = Release|Any CPU
		{B6684BAB-9BC5-47B3-BB48-917DF6FA03F1}.Release|Any CPU.Build.0 = Release|Any CPU
		{83CF3945-011A-43E6-A1D8-8665D9081E05}.Debug|Any CPU.ActiveCfg = Debug|Any CPU
		{83CF3945-011A-43E6-A1D8-8665D9081E05}.Debug|Any CPU.Build.0 = Debug|Any CPU
		{83CF3945-011A-43E6-A1D8-8665D9081E05}.Release|Any CPU.ActiveCfg = Release|Any CPU
		{83CF3945-011A-43E6-A1D8-8665D9081E05}.Release|Any CPU.Build.0 = Release|Any CPU
	EndGlobalSection
	GlobalSection(SolutionProperties) = preSolution
		HideSolutionNode = FALSE
	EndGlobalSection
EndGlobal
