
Microsoft Visual Studio Solution File, Format Version 10.00
# Visual Studio 2008
Project("{FAE04EC0-301F-11D3-BF4B-00C04F79EFBC}") = "Snippet8-10", "Snippet8-10\Snippet8-10.csproj", "{D118F797-A499-4317-84F6-9F7BBE2E7779}"
EndProject
Project("{FAE04EC0-301F-11D3-BF4B-00C04F79EFBC}") = "Snippet8-10Web", "Snippet8-10Web\Snippet8-10Web.csproj", "{A1F0FFFF-B6AA-4661-A5BF-76BE76AC373D}"
EndProject
Global
	GlobalSection(SolutionConfigurationPlatforms) = preSolution
		Debug|Any CPU = Debug|Any CPU
		Release|Any CPU = Release|Any CPU
	EndGlobalSection
	GlobalSection(ProjectConfigurationPlatforms) = postSolution
		{D118F797-A499-4317-84F6-9F7BBE2E7779}.Debug|Any CPU.ActiveCfg = Debug|Any CPU
		{D118F797-A499-4317-84F6-9F7BBE2E7779}.Debug|Any CPU.Build.0 = Debug|Any CPU
		{D118F797-A499-4317-84F6-9F7BBE2E7779}.Release|Any CPU.ActiveCfg = Release|Any CPU
		{D118F797-A499-4317-84F6-9F7BBE2E7779}.Release|Any CPU.Build.0 = Release|Any CPU
		{A1F0FFFF-B6AA-4661-A5BF-76BE76AC373D}.Debug|Any CPU.ActiveCfg = Debug|Any CPU
		{A1F0FFFF-B6AA-4661-A5BF-76BE76AC373D}.Debug|Any CPU.Build.0 = Debug|Any CPU
		{A1F0FFFF-B6AA-4661-A5BF-76BE76AC373D}.Release|Any CPU.ActiveCfg = Release|Any CPU
		{A1F0FFFF-B6AA-4661-A5BF-76BE76AC373D}.Release|Any CPU.Build.0 = Release|Any CPU
	EndGlobalSection
	GlobalSection(SolutionProperties) = preSolution
		HideSolutionNode = FALSE
	EndGlobalSection
EndGlobal
