
Microsoft Visual Studio Solution File, Format Version 10.00
# Visual Studio 2008
Project("{FAE04EC0-301F-11D3-BF4B-00C04F79EFBC}") = "Snippet9-13", "Snippet9-13\Snippet9-13.csproj", "{160D8436-6227-4D23-A903-837255047487}"
EndProject
Project("{FAE04EC0-301F-11D3-BF4B-00C04F79EFBC}") = "Snippet9-13Web", "Snippet9-13Web\Snippet9-13Web.csproj", "{71B4B22C-2DD0-48C4-AFD7-4FF5B90FC3B5}"
EndProject
Global
	GlobalSection(SolutionConfigurationPlatforms) = preSolution
		Debug|Any CPU = Debug|Any CPU
		Release|Any CPU = Release|Any CPU
	EndGlobalSection
	GlobalSection(ProjectConfigurationPlatforms) = postSolution
		{160D8436-6227-4D23-A903-837255047487}.Debug|Any CPU.ActiveCfg = Debug|Any CPU
		{160D8436-6227-4D23-A903-837255047487}.Debug|Any CPU.Build.0 = Debug|Any CPU
		{160D8436-6227-4D23-A903-837255047487}.Release|Any CPU.ActiveCfg = Release|Any CPU
		{160D8436-6227-4D23-A903-837255047487}.Release|Any CPU.Build.0 = Release|Any CPU
		{71B4B22C-2DD0-48C4-AFD7-4FF5B90FC3B5}.Debug|Any CPU.ActiveCfg = Debug|Any CPU
		{71B4B22C-2DD0-48C4-AFD7-4FF5B90FC3B5}.Debug|Any CPU.Build.0 = Debug|Any CPU
		{71B4B22C-2DD0-48C4-AFD7-4FF5B90FC3B5}.Release|Any CPU.ActiveCfg = Release|Any CPU
		{71B4B22C-2DD0-48C4-AFD7-4FF5B90FC3B5}.Release|Any CPU.Build.0 = Release|Any CPU
	EndGlobalSection
	GlobalSection(SolutionProperties) = preSolution
		HideSolutionNode = FALSE
	EndGlobalSection
EndGlobal
