
Microsoft Visual Studio Solution File, Format Version 10.00
# Visual Studio 2008
Project("{FAE04EC0-301F-11D3-BF4B-00C04F79EFBC}") = "Snippet11-14", "Snippet11-14\Snippet11-14.csproj", "{CADCB934-7BC8-4DBF-9595-F5DDB98389A1}"
EndProject
Project("{FAE04EC0-301F-11D3-BF4B-00C04F79EFBC}") = "Snippet11-14Web", "Snippet11-14Web\Snippet11-14Web.csproj", "{29661B24-81E7-4D47-9849-DB2635459F08}"
EndProject
Global
	GlobalSection(SolutionConfigurationPlatforms) = preSolution
		Debug|Any CPU = Debug|Any CPU
		Release|Any CPU = Release|Any CPU
	EndGlobalSection
	GlobalSection(ProjectConfigurationPlatforms) = postSolution
		{CADCB934-7BC8-4DBF-9595-F5DDB98389A1}.Debug|Any CPU.ActiveCfg = Debug|Any CPU
		{CADCB934-7BC8-4DBF-9595-F5DDB98389A1}.Debug|Any CPU.Build.0 = Debug|Any CPU
		{CADCB934-7BC8-4DBF-9595-F5DDB98389A1}.Release|Any CPU.ActiveCfg = Release|Any CPU
		{CADCB934-7BC8-4DBF-9595-F5DDB98389A1}.Release|Any CPU.Build.0 = Release|Any CPU
		{29661B24-81E7-4D47-9849-DB2635459F08}.Debug|Any CPU.ActiveCfg = Debug|Any CPU
		{29661B24-81E7-4D47-9849-DB2635459F08}.Debug|Any CPU.Build.0 = Debug|Any CPU
		{29661B24-81E7-4D47-9849-DB2635459F08}.Release|Any CPU.ActiveCfg = Release|Any CPU
		{29661B24-81E7-4D47-9849-DB2635459F08}.Release|Any CPU.Build.0 = Release|Any CPU
	EndGlobalSection
	GlobalSection(SolutionProperties) = preSolution
		HideSolutionNode = FALSE
	EndGlobalSection
EndGlobal
