
Microsoft Visual Studio Solution File, Format Version 10.00
# Visual Studio 2008
Project("{FAE04EC0-301F-11D3-BF4B-00C04F79EFBC}") = "Snippet4-22", "Snippet4-22\Snippet4-22.csproj", "{F05CED48-22C3-44DE-B5E0-A5314C152D96}"
EndProject
Project("{E24C65DC-7377-472B-9ABA-BC803B73C61A}") = "Snippet4-22Web", "Snippet4-22Web\", "{9FC381E6-A9A8-4578-AD33-0403E28A562C}"
	ProjectSection(WebsiteProperties) = preProject
		TargetFramework = "3.5"
		Debug.AspNetCompiler.VirtualPath = "/Snippet4-22Web"
		Debug.AspNetCompiler.PhysicalPath = "Snippet4-22Web\"
		Debug.AspNetCompiler.TargetPath = "PrecompiledWeb\Snippet4-22Web\"
		Debug.AspNetCompiler.Updateable = "true"
		Debug.AspNetCompiler.ForceOverwrite = "true"
		Debug.AspNetCompiler.FixedNames = "false"
		Debug.AspNetCompiler.Debug = "True"
		Release.AspNetCompiler.VirtualPath = "/Snippet4-22Web"
		Release.AspNetCompiler.PhysicalPath = "Snippet4-22Web\"
		Release.AspNetCompiler.TargetPath = "PrecompiledWeb\Snippet4-22Web\"
		Release.AspNetCompiler.Updateable = "true"
		Release.AspNetCompiler.ForceOverwrite = "true"
		Release.AspNetCompiler.FixedNames = "false"
		Release.AspNetCompiler.Debug = "False"
		VWDPort = "49466"
		DefaultWebSiteLanguage = "Visual C#"
		ProjOutputReferences = "{F05CED48-22C3-44DE-B5E0-A5314C152D96}|ClientBin|false;"
	EndProjectSection
EndProject
Global
	GlobalSection(SolutionConfigurationPlatforms) = preSolution
		Debug|.NET = Debug|.NET
		Debug|Any CPU = Debug|Any CPU
		Debug|Mixed Platforms = Debug|Mixed Platforms
		Release|.NET = Release|.NET
		Release|Any CPU = Release|Any CPU
		Release|Mixed Platforms = Release|Mixed Platforms
	EndGlobalSection
	GlobalSection(ProjectConfigurationPlatforms) = postSolution
		{F05CED48-22C3-44DE-B5E0-A5314C152D96}.Debug|.NET.ActiveCfg = Debug|Any CPU
		{F05CED48-22C3-44DE-B5E0-A5314C152D96}.Debug|Any CPU.ActiveCfg = Debug|Any CPU
		{F05CED48-22C3-44DE-B5E0-A5314C152D96}.Debug|Any CPU.Build.0 = Debug|Any CPU
		{F05CED48-22C3-44DE-B5E0-A5314C152D96}.Debug|Mixed Platforms.ActiveCfg = Debug|Any CPU
		{F05CED48-22C3-44DE-B5E0-A5314C152D96}.Debug|Mixed Platforms.Build.0 = Debug|Any CPU
		{F05CED48-22C3-44DE-B5E0-A5314C152D96}.Release|.NET.ActiveCfg = Release|Any CPU
		{F05CED48-22C3-44DE-B5E0-A5314C152D96}.Release|Any CPU.ActiveCfg = Release|Any CPU
		{F05CED48-22C3-44DE-B5E0-A5314C152D96}.Release|Any CPU.Build.0 = Release|Any CPU
		{F05CED48-22C3-44DE-B5E0-A5314C152D96}.Release|Mixed Platforms.ActiveCfg = Release|Any CPU
		{F05CED48-22C3-44DE-B5E0-A5314C152D96}.Release|Mixed Platforms.Build.0 = Release|Any CPU
		{9FC381E6-A9A8-4578-AD33-0403E28A562C}.Debug|.NET.ActiveCfg = Debug|.NET
		{9FC381E6-A9A8-4578-AD33-0403E28A562C}.Debug|.NET.Build.0 = Debug|.NET
		{9FC381E6-A9A8-4578-AD33-0403E28A562C}.Debug|Any CPU.ActiveCfg = Debug|.NET
		{9FC381E6-A9A8-4578-AD33-0403E28A562C}.Debug|Mixed Platforms.ActiveCfg = Debug|.NET
		{9FC381E6-A9A8-4578-AD33-0403E28A562C}.Debug|Mixed Platforms.Build.0 = Debug|.NET
		{9FC381E6-A9A8-4578-AD33-0403E28A562C}.Release|.NET.ActiveCfg = Debug|.NET
		{9FC381E6-A9A8-4578-AD33-0403E28A562C}.Release|.NET.Build.0 = Debug|.NET
		{9FC381E6-A9A8-4578-AD33-0403E28A562C}.Release|Any CPU.ActiveCfg = Debug|.NET
		{9FC381E6-A9A8-4578-AD33-0403E28A562C}.Release|Mixed Platforms.ActiveCfg = Debug|.NET
		{9FC381E6-A9A8-4578-AD33-0403E28A562C}.Release|Mixed Platforms.Build.0 = Debug|.NET
	EndGlobalSection
	GlobalSection(SolutionProperties) = preSolution
		HideSolutionNode = FALSE
	EndGlobalSection
EndGlobal
