
Microsoft Visual Studio Solution File, Format Version 10.00
# Visual Studio 2008
Project("{FAE04EC0-301F-11D3-BF4B-00C04F79EFBC}") = "Snippet10-16", "Snippet10-16\Snippet10-16.csproj", "{4BD2924F-F752-4A1B-A01B-B195DA681425}"
EndProject
Project("{FAE04EC0-301F-11D3-BF4B-00C04F79EFBC}") = "Snippet10-16Web", "Snippet10-16Web\Snippet10-16Web.csproj", "{53A01FDC-CDE4-4A24-BA6F-036F3B79560B}"
EndProject
Global
	GlobalSection(SolutionConfigurationPlatforms) = preSolution
		Debug|Any CPU = Debug|Any CPU
		Release|Any CPU = Release|Any CPU
	EndGlobalSection
	GlobalSection(ProjectConfigurationPlatforms) = postSolution
		{4BD2924F-F752-4A1B-A01B-B195DA681425}.Debug|Any CPU.ActiveCfg = Debug|Any CPU
		{4BD2924F-F752-4A1B-A01B-B195DA681425}.Debug|Any CPU.Build.0 = Debug|Any CPU
		{4BD2924F-F752-4A1B-A01B-B195DA681425}.Release|Any CPU.ActiveCfg = Release|Any CPU
		{4BD2924F-F752-4A1B-A01B-B195DA681425}.Release|Any CPU.Build.0 = Release|Any CPU
		{53A01FDC-CDE4-4A24-BA6F-036F3B79560B}.Debug|Any CPU.ActiveCfg = Debug|Any CPU
		{53A01FDC-CDE4-4A24-BA6F-036F3B79560B}.Debug|Any CPU.Build.0 = Debug|Any CPU
		{53A01FDC-CDE4-4A24-BA6F-036F3B79560B}.Release|Any CPU.ActiveCfg = Release|Any CPU
		{53A01FDC-CDE4-4A24-BA6F-036F3B79560B}.Release|Any CPU.Build.0 = Release|Any CPU
	EndGlobalSection
	GlobalSection(SolutionProperties) = preSolution
		HideSolutionNode = FALSE
	EndGlobalSection
EndGlobal
