
Microsoft Visual Studio Solution File, Format Version 10.00
# Visual Studio 2008
Project("{FAE04EC0-301F-11D3-BF4B-00C04F79EFBC}") = "Snippet5-24", "Snippet5-24\Snippet5-24.csproj", "{DC3D02C8-C3B6-4300-9E74-DED72A1257C3}"
EndProject
Project("{FAE04EC0-301F-11D3-BF4B-00C04F79EFBC}") = "Snippet5-24Web", "Snippet5-24Web\Snippet5-24Web.csproj", "{05BFE4C7-90F2-4CD5-897E-5A8618452B81}"
EndProject
Global
	GlobalSection(SolutionConfigurationPlatforms) = preSolution
		Debug|Any CPU = Debug|Any CPU
		Release|Any CPU = Release|Any CPU
	EndGlobalSection
	GlobalSection(ProjectConfigurationPlatforms) = postSolution
		{DC3D02C8-C3B6-4300-9E74-DED72A1257C3}.Debug|Any CPU.ActiveCfg = Debug|Any CPU
		{DC3D02C8-C3B6-4300-9E74-DED72A1257C3}.Debug|Any CPU.Build.0 = Debug|Any CPU
		{DC3D02C8-C3B6-4300-9E74-DED72A1257C3}.Release|Any CPU.ActiveCfg = Release|Any CPU
		{DC3D02C8-C3B6-4300-9E74-DED72A1257C3}.Release|Any CPU.Build.0 = Release|Any CPU
		{05BFE4C7-90F2-4CD5-897E-5A8618452B81}.Debug|Any CPU.ActiveCfg = Debug|Any CPU
		{05BFE4C7-90F2-4CD5-897E-5A8618452B81}.Debug|Any CPU.Build.0 = Debug|Any CPU
		{05BFE4C7-90F2-4CD5-897E-5A8618452B81}.Release|Any CPU.ActiveCfg = Release|Any CPU
		{05BFE4C7-90F2-4CD5-897E-5A8618452B81}.Release|Any CPU.Build.0 = Release|Any CPU
	EndGlobalSection
	GlobalSection(SolutionProperties) = preSolution
		HideSolutionNode = FALSE
	EndGlobalSection
EndGlobal
