
Microsoft Visual Studio Solution File, Format Version 10.00
# Visual Studio 2008
Project("{FAE04EC0-301F-11D3-BF4B-00C04F79EFBC}") = "Snippet4-30", "Snippet4-30\Snippet4-30.csproj", "{99BB9663-4704-4B78-BD14-E3429D9B2230}"
EndProject
Project("{FAE04EC0-301F-11D3-BF4B-00C04F79EFBC}") = "Snippet4-30.Web", "Snippet4-30.Web\Snippet4-30.Web.csproj", "{818FE177-8A65-42E4-916D-DB493A275A5C}"
EndProject
Global
	GlobalSection(SolutionConfigurationPlatforms) = preSolution
		Debug|Any CPU = Debug|Any CPU
		Release|Any CPU = Release|Any CPU
	EndGlobalSection
	GlobalSection(ProjectConfigurationPlatforms) = postSolution
		{99BB9663-4704-4B78-BD14-E3429D9B2230}.Debug|Any CPU.ActiveCfg = Debug|Any CPU
		{99BB9663-4704-4B78-BD14-E3429D9B2230}.Debug|Any CPU.Build.0 = Debug|Any CPU
		{99BB9663-4704-4B78-BD14-E3429D9B2230}.Release|Any CPU.ActiveCfg = Release|Any CPU
		{99BB9663-4704-4B78-BD14-E3429D9B2230}.Release|Any CPU.Build.0 = Release|Any CPU
		{818FE177-8A65-42E4-916D-DB493A275A5C}.Debug|Any CPU.ActiveCfg = Debug|Any CPU
		{818FE177-8A65-42E4-916D-DB493A275A5C}.Debug|Any CPU.Build.0 = Debug|Any CPU
		{818FE177-8A65-42E4-916D-DB493A275A5C}.Release|Any CPU.ActiveCfg = Release|Any CPU
		{818FE177-8A65-42E4-916D-DB493A275A5C}.Release|Any CPU.Build.0 = Release|Any CPU
	EndGlobalSection
	GlobalSection(SolutionProperties) = preSolution
		HideSolutionNode = FALSE
	EndGlobalSection
EndGlobal
