
Microsoft Visual Studio Solution File, Format Version 10.00
# Visual Studio 2008
Project("{FAE04EC0-301F-11D3-BF4B-00C04F79EFBC}") = "Snippet10-18", "Snippet10-18\Snippet10-18.csproj", "{67F3595A-D7A9-4841-AB99-C28DBE8E0588}"
EndProject
Project("{FAE04EC0-301F-11D3-BF4B-00C04F79EFBC}") = "Snippet10-18Web", "Snippet10-18Web\Snippet10-18Web.csproj", "{BDABE877-FBFF-4F03-B148-0FA18F1A92A6}"
EndProject
Global
	GlobalSection(SolutionConfigurationPlatforms) = preSolution
		Debug|Any CPU = Debug|Any CPU
		Release|Any CPU = Release|Any CPU
	EndGlobalSection
	GlobalSection(ProjectConfigurationPlatforms) = postSolution
		{67F3595A-D7A9-4841-AB99-C28DBE8E0588}.Debug|Any CPU.ActiveCfg = Debug|Any CPU
		{67F3595A-D7A9-4841-AB99-C28DBE8E0588}.Debug|Any CPU.Build.0 = Debug|Any CPU
		{67F3595A-D7A9-4841-AB99-C28DBE8E0588}.Release|Any CPU.ActiveCfg = Release|Any CPU
		{67F3595A-D7A9-4841-AB99-C28DBE8E0588}.Release|Any CPU.Build.0 = Release|Any CPU
		{BDABE877-FBFF-4F03-B148-0FA18F1A92A6}.Debug|Any CPU.ActiveCfg = Debug|Any CPU
		{BDABE877-FBFF-4F03-B148-0FA18F1A92A6}.Debug|Any CPU.Build.0 = Debug|Any CPU
		{BDABE877-FBFF-4F03-B148-0FA18F1A92A6}.Release|Any CPU.ActiveCfg = Release|Any CPU
		{BDABE877-FBFF-4F03-B148-0FA18F1A92A6}.Release|Any CPU.Build.0 = Release|Any CPU
	EndGlobalSection
	GlobalSection(SolutionProperties) = preSolution
		HideSolutionNode = FALSE
	EndGlobalSection
EndGlobal
