
Microsoft Visual Studio Solution File, Format Version 10.00
# Visual Studio 2008
Project("{FAE04EC0-301F-11D3-BF4B-00C04F79EFBC}") = "Snippet3-8", "Snippet3-8\Snippet3-8.csproj", "{1C9C7438-515C-4396-9AB1-5BD8422E4434}"
EndProject
Project("{E24C65DC-7377-472B-9ABA-BC803B73C61A}") = "Snippet3-8Web", "Snippet3-8Web\", "{28458A92-B821-41E0-AC2E-1E1BB6B388D2}"
	ProjectSection(WebsiteProperties) = preProject
		TargetFramework = "3.5"
		Debug.AspNetCompiler.VirtualPath = "/Snippet3-8Web"
		Debug.AspNetCompiler.PhysicalPath = "Snippet3-8Web\"
		Debug.AspNetCompiler.TargetPath = "PrecompiledWeb\Snippet3-8Web\"
		Debug.AspNetCompiler.Updateable = "true"
		Debug.AspNetCompiler.ForceOverwrite = "true"
		Debug.AspNetCompiler.FixedNames = "false"
		Debug.AspNetCompiler.Debug = "True"
		Release.AspNetCompiler.VirtualPath = "/Snippet3-8Web"
		Release.AspNetCompiler.PhysicalPath = "Snippet3-8Web\"
		Release.AspNetCompiler.TargetPath = "PrecompiledWeb\Snippet3-8Web\"
		Release.AspNetCompiler.Updateable = "true"
		Release.AspNetCompiler.ForceOverwrite = "true"
		Release.AspNetCompiler.FixedNames = "false"
		Release.AspNetCompiler.Debug = "False"
		VWDPort = "49613"
		DefaultWebSiteLanguage = "Visual C#"
		ProjOutputReferences = "{1C9C7438-515C-4396-9AB1-5BD8422E4434}|ClientBin|false;"
	EndProjectSection
EndProject
Global
	GlobalSection(SolutionConfigurationPlatforms) = preSolution
		Debug|.NET = Debug|.NET
		Debug|Any CPU = Debug|Any CPU
		Debug|Mixed Platforms = Debug|Mixed Platforms
		Release|.NET = Release|.NET
		Release|Any CPU = Release|Any CPU
		Release|Mixed Platforms = Release|Mixed Platforms
	EndGlobalSection
	GlobalSection(ProjectConfigurationPlatforms) = postSolution
		{1C9C7438-515C-4396-9AB1-5BD8422E4434}.Debug|.NET.ActiveCfg = Debug|Any CPU
		{1C9C7438-515C-4396-9AB1-5BD8422E4434}.Debug|Any CPU.ActiveCfg = Debug|Any CPU
		{1C9C7438-515C-4396-9AB1-5BD8422E4434}.Debug|Any CPU.Build.0 = Debug|Any CPU
		{1C9C7438-515C-4396-9AB1-5BD8422E4434}.Debug|Mixed Platforms.ActiveCfg = Debug|Any CPU
		{1C9C7438-515C-4396-9AB1-5BD8422E4434}.Debug|Mixed Platforms.Build.0 = Debug|Any CPU
		{1C9C7438-515C-4396-9AB1-5BD8422E4434}.Release|.NET.ActiveCfg = Release|Any CPU
		{1C9C7438-515C-4396-9AB1-5BD8422E4434}.Release|Any CPU.ActiveCfg = Release|Any CPU
		{1C9C7438-515C-4396-9AB1-5BD8422E4434}.Release|Any CPU.Build.0 = Release|Any CPU
		{1C9C7438-515C-4396-9AB1-5BD8422E4434}.Release|Mixed Platforms.ActiveCfg = Release|Any CPU
		{1C9C7438-515C-4396-9AB1-5BD8422E4434}.Release|Mixed Platforms.Build.0 = Release|Any CPU
		{28458A92-B821-41E0-AC2E-1E1BB6B388D2}.Debug|.NET.ActiveCfg = Debug|.NET
		{28458A92-B821-41E0-AC2E-1E1BB6B388D2}.Debug|.NET.Build.0 = Debug|.NET
		{28458A92-B821-41E0-AC2E-1E1BB6B388D2}.Debug|Any CPU.ActiveCfg = Debug|.NET
		{28458A92-B821-41E0-AC2E-1E1BB6B388D2}.Debug|Mixed Platforms.ActiveCfg = Debug|.NET
		{28458A92-B821-41E0-AC2E-1E1BB6B388D2}.Debug|Mixed Platforms.Build.0 = Debug|.NET
		{28458A92-B821-41E0-AC2E-1E1BB6B388D2}.Release|.NET.ActiveCfg = Debug|.NET
		{28458A92-B821-41E0-AC2E-1E1BB6B388D2}.Release|.NET.Build.0 = Debug|.NET
		{28458A92-B821-41E0-AC2E-1E1BB6B388D2}.Release|Any CPU.ActiveCfg = Debug|.NET
		{28458A92-B821-41E0-AC2E-1E1BB6B388D2}.Release|Mixed Platforms.ActiveCfg = Debug|.NET
		{28458A92-B821-41E0-AC2E-1E1BB6B388D2}.Release|Mixed Platforms.Build.0 = Debug|.NET
	EndGlobalSection
	GlobalSection(SolutionProperties) = preSolution
		HideSolutionNode = FALSE
	EndGlobalSection
EndGlobal
