
Microsoft Visual Studio Solution File, Format Version 10.00
# Visual Studio 2008
Project("{FAE04EC0-301F-11D3-BF4B-00C04F79EFBC}") = "Snippet12-10", "Snippet12-10\Snippet12-10.csproj", "{99D2188E-F3FC-44E7-BEBB-0DE0AC4D231B}"
EndProject
Project("{FAE04EC0-301F-11D3-BF4B-00C04F79EFBC}") = "Snippet12-10Web", "Snippet12-10Web\Snippet12-10Web.csproj", "{C9EEF5B5-7876-4BC5-A4C4-D0533C608787}"
EndProject
Global
	GlobalSection(SolutionConfigurationPlatforms) = preSolution
		Debug|Any CPU = Debug|Any CPU
		Release|Any CPU = Release|Any CPU
	EndGlobalSection
	GlobalSection(ProjectConfigurationPlatforms) = postSolution
		{99D2188E-F3FC-44E7-BEBB-0DE0AC4D231B}.Debug|Any CPU.ActiveCfg = Debug|Any CPU
		{99D2188E-F3FC-44E7-BEBB-0DE0AC4D231B}.Debug|Any CPU.Build.0 = Debug|Any CPU
		{99D2188E-F3FC-44E7-BEBB-0DE0AC4D231B}.Release|Any CPU.ActiveCfg = Release|Any CPU
		{99D2188E-F3FC-44E7-BEBB-0DE0AC4D231B}.Release|Any CPU.Build.0 = Release|Any CPU
		{C9EEF5B5-7876-4BC5-A4C4-D0533C608787}.Debug|Any CPU.ActiveCfg = Debug|Any CPU
		{C9EEF5B5-7876-4BC5-A4C4-D0533C608787}.Debug|Any CPU.Build.0 = Debug|Any CPU
		{C9EEF5B5-7876-4BC5-A4C4-D0533C608787}.Release|Any CPU.ActiveCfg = Release|Any CPU
		{C9EEF5B5-7876-4BC5-A4C4-D0533C608787}.Release|Any CPU.Build.0 = Release|Any CPU
	EndGlobalSection
	GlobalSection(SolutionProperties) = preSolution
		HideSolutionNode = FALSE
	EndGlobalSection
EndGlobal
