
Microsoft Visual Studio Solution File, Format Version 10.00
# Visual Studio 2008
Project("{FAE04EC0-301F-11D3-BF4B-00C04F79EFBC}") = "Snippet12-2", "Snippet12-2\Snippet12-2.csproj", "{0D03BE84-FC5E-43C3-B295-B47CA6B80174}"
EndProject
Project("{FAE04EC0-301F-11D3-BF4B-00C04F79EFBC}") = "Snippet12-2Web", "Snippet12-2Web\Snippet12-2Web.csproj", "{D1AE042D-BF2C-4F7F-BC38-EE5DB053EF3A}"
EndProject
Global
	GlobalSection(SolutionConfigurationPlatforms) = preSolution
		Debug|Any CPU = Debug|Any CPU
		Release|Any CPU = Release|Any CPU
	EndGlobalSection
	GlobalSection(ProjectConfigurationPlatforms) = postSolution
		{0D03BE84-FC5E-43C3-B295-B47CA6B80174}.Debug|Any CPU.ActiveCfg = Debug|Any CPU
		{0D03BE84-FC5E-43C3-B295-B47CA6B80174}.Debug|Any CPU.Build.0 = Debug|Any CPU
		{0D03BE84-FC5E-43C3-B295-B47CA6B80174}.Release|Any CPU.ActiveCfg = Release|Any CPU
		{0D03BE84-FC5E-43C3-B295-B47CA6B80174}.Release|Any CPU.Build.0 = Release|Any CPU
		{D1AE042D-BF2C-4F7F-BC38-EE5DB053EF3A}.Debug|Any CPU.ActiveCfg = Debug|Any CPU
		{D1AE042D-BF2C-4F7F-BC38-EE5DB053EF3A}.Debug|Any CPU.Build.0 = Debug|Any CPU
		{D1AE042D-BF2C-4F7F-BC38-EE5DB053EF3A}.Release|Any CPU.ActiveCfg = Release|Any CPU
		{D1AE042D-BF2C-4F7F-BC38-EE5DB053EF3A}.Release|Any CPU.Build.0 = Release|Any CPU
	EndGlobalSection
	GlobalSection(SolutionProperties) = preSolution
		HideSolutionNode = FALSE
	EndGlobalSection
EndGlobal
