
Microsoft Visual Studio Solution File, Format Version 10.00
# Visual Studio 2008
Project("{FAE04EC0-301F-11D3-BF4B-00C04F79EFBC}") = "Snippet8-23", "Snippet8-23\Snippet8-23.csproj", "{3E64A458-DAE7-4089-B49C-9D4A59205F25}"
EndProject
Project("{FAE04EC0-301F-11D3-BF4B-00C04F79EFBC}") = "Snippet8-23Web", "Snippet8-23Web\Snippet8-23Web.csproj", "{1BC4FB84-2794-40F7-844E-6BFB45EE9706}"
EndProject
Global
	GlobalSection(SolutionConfigurationPlatforms) = preSolution
		Debug|Any CPU = Debug|Any CPU
		Release|Any CPU = Release|Any CPU
	EndGlobalSection
	GlobalSection(ProjectConfigurationPlatforms) = postSolution
		{3E64A458-DAE7-4089-B49C-9D4A59205F25}.Debug|Any CPU.ActiveCfg = Debug|Any CPU
		{3E64A458-DAE7-4089-B49C-9D4A59205F25}.Debug|Any CPU.Build.0 = Debug|Any CPU
		{3E64A458-DAE7-4089-B49C-9D4A59205F25}.Release|Any CPU.ActiveCfg = Release|Any CPU
		{3E64A458-DAE7-4089-B49C-9D4A59205F25}.Release|Any CPU.Build.0 = Release|Any CPU
		{1BC4FB84-2794-40F7-844E-6BFB45EE9706}.Debug|Any CPU.ActiveCfg = Debug|Any CPU
		{1BC4FB84-2794-40F7-844E-6BFB45EE9706}.Debug|Any CPU.Build.0 = Debug|Any CPU
		{1BC4FB84-2794-40F7-844E-6BFB45EE9706}.Release|Any CPU.ActiveCfg = Release|Any CPU
		{1BC4FB84-2794-40F7-844E-6BFB45EE9706}.Release|Any CPU.Build.0 = Release|Any CPU
	EndGlobalSection
	GlobalSection(SolutionProperties) = preSolution
		HideSolutionNode = FALSE
	EndGlobalSection
EndGlobal
