
Microsoft Visual Studio Solution File, Format Version 10.00
# Visual Studio 2008
Project("{FAE04EC0-301F-11D3-BF4B-00C04F79EFBC}") = "Snippet7-14", "Snippet7-14\Snippet7-14.csproj", "{2DD99569-6ACC-485B-9309-68F876DF1E47}"
EndProject
Project("{FAE04EC0-301F-11D3-BF4B-00C04F79EFBC}") = "Snippet7-14Web", "Snippet7-14Web\Snippet7-14Web.csproj", "{12443BAD-123E-46B8-9C25-B55D38F42482}"
EndProject
Global
	GlobalSection(SolutionConfigurationPlatforms) = preSolution
		Debug|Any CPU = Debug|Any CPU
		Release|Any CPU = Release|Any CPU
	EndGlobalSection
	GlobalSection(ProjectConfigurationPlatforms) = postSolution
		{2DD99569-6ACC-485B-9309-68F876DF1E47}.Debug|Any CPU.ActiveCfg = Debug|Any CPU
		{2DD99569-6ACC-485B-9309-68F876DF1E47}.Debug|Any CPU.Build.0 = Debug|Any CPU
		{2DD99569-6ACC-485B-9309-68F876DF1E47}.Release|Any CPU.ActiveCfg = Release|Any CPU
		{2DD99569-6ACC-485B-9309-68F876DF1E47}.Release|Any CPU.Build.0 = Release|Any CPU
		{12443BAD-123E-46B8-9C25-B55D38F42482}.Debug|Any CPU.ActiveCfg = Debug|Any CPU
		{12443BAD-123E-46B8-9C25-B55D38F42482}.Debug|Any CPU.Build.0 = Debug|Any CPU
		{12443BAD-123E-46B8-9C25-B55D38F42482}.Release|Any CPU.ActiveCfg = Release|Any CPU
		{12443BAD-123E-46B8-9C25-B55D38F42482}.Release|Any CPU.Build.0 = Release|Any CPU
	EndGlobalSection
	GlobalSection(SolutionProperties) = preSolution
		HideSolutionNode = FALSE
	EndGlobalSection
EndGlobal
