
Microsoft Visual Studio Solution File, Format Version 10.00
# Visual Studio 2008
Project("{FAE04EC0-301F-11D3-BF4B-00C04F79EFBC}") = "Snippet11-28", "Snippet11-28\Snippet11-28.csproj", "{6706A497-4A1C-475D-8971-FC511A4396E2}"
EndProject
Project("{FAE04EC0-301F-11D3-BF4B-00C04F79EFBC}") = "Snippet11-28Web", "Snippet11-28Web\Snippet11-28Web.csproj", "{8F39C601-209F-4178-9574-B50F3C5A1D40}"
EndProject
Global
	GlobalSection(SolutionConfigurationPlatforms) = preSolution
		Debug|Any CPU = Debug|Any CPU
		Release|Any CPU = Release|Any CPU
	EndGlobalSection
	GlobalSection(ProjectConfigurationPlatforms) = postSolution
		{6706A497-4A1C-475D-8971-FC511A4396E2}.Debug|Any CPU.ActiveCfg = Debug|Any CPU
		{6706A497-4A1C-475D-8971-FC511A4396E2}.Debug|Any CPU.Build.0 = Debug|Any CPU
		{6706A497-4A1C-475D-8971-FC511A4396E2}.Release|Any CPU.ActiveCfg = Release|Any CPU
		{6706A497-4A1C-475D-8971-FC511A4396E2}.Release|Any CPU.Build.0 = Release|Any CPU
		{8F39C601-209F-4178-9574-B50F3C5A1D40}.Debug|Any CPU.ActiveCfg = Debug|Any CPU
		{8F39C601-209F-4178-9574-B50F3C5A1D40}.Debug|Any CPU.Build.0 = Debug|Any CPU
		{8F39C601-209F-4178-9574-B50F3C5A1D40}.Release|Any CPU.ActiveCfg = Release|Any CPU
		{8F39C601-209F-4178-9574-B50F3C5A1D40}.Release|Any CPU.Build.0 = Release|Any CPU
	EndGlobalSection
	GlobalSection(SolutionProperties) = preSolution
		HideSolutionNode = FALSE
	EndGlobalSection
EndGlobal
