
Microsoft Visual Studio Solution File, Format Version 10.00
# Visual Studio 2008
Project("{FAE04EC0-301F-11D3-BF4B-00C04F79EFBC}") = "Snippet10-21", "Snippet10-21\Snippet10-21.csproj", "{1352DDF3-3BE8-4CBF-8F68-B33BCD6E9210}"
EndProject
Project("{FAE04EC0-301F-11D3-BF4B-00C04F79EFBC}") = "Snippet10-21Web", "Snippet10-21Web\Snippet10-21Web.csproj", "{1ADEAC26-755D-46B1-934A-23DFEE29B02C}"
EndProject
Global
	GlobalSection(SolutionConfigurationPlatforms) = preSolution
		Debug|Any CPU = Debug|Any CPU
		Release|Any CPU = Release|Any CPU
	EndGlobalSection
	GlobalSection(ProjectConfigurationPlatforms) = postSolution
		{1352DDF3-3BE8-4CBF-8F68-B33BCD6E9210}.Debug|Any CPU.ActiveCfg = Debug|Any CPU
		{1352DDF3-3BE8-4CBF-8F68-B33BCD6E9210}.Debug|Any CPU.Build.0 = Debug|Any CPU
		{1352DDF3-3BE8-4CBF-8F68-B33BCD6E9210}.Release|Any CPU.ActiveCfg = Release|Any CPU
		{1352DDF3-3BE8-4CBF-8F68-B33BCD6E9210}.Release|Any CPU.Build.0 = Release|Any CPU
		{1ADEAC26-755D-46B1-934A-23DFEE29B02C}.Debug|Any CPU.ActiveCfg = Debug|Any CPU
		{1ADEAC26-755D-46B1-934A-23DFEE29B02C}.Debug|Any CPU.Build.0 = Debug|Any CPU
		{1ADEAC26-755D-46B1-934A-23DFEE29B02C}.Release|Any CPU.ActiveCfg = Release|Any CPU
		{1ADEAC26-755D-46B1-934A-23DFEE29B02C}.Release|Any CPU.Build.0 = Release|Any CPU
	EndGlobalSection
	GlobalSection(SolutionProperties) = preSolution
		HideSolutionNode = FALSE
	EndGlobalSection
EndGlobal
