
Microsoft Visual Studio Solution File, Format Version 10.00
# Visual Studio 2008
Project("{FAE04EC0-301F-11D3-BF4B-00C04F79EFBC}") = "Snippet3-28", "Snippet3-28\Snippet3-28.csproj", "{6FF6FFBE-48D5-4797-A81D-42FAD3AC8E9C}"
EndProject
Project("{E24C65DC-7377-472B-9ABA-BC803B73C61A}") = "Snippet3-28Web", "Snippet3-28Web\", "{D0CE1A77-0389-43AA-99BF-35038527EECA}"
	ProjectSection(WebsiteProperties) = preProject
		TargetFramework = "3.5"
		Debug.AspNetCompiler.VirtualPath = "/Snippet3-28Web"
		Debug.AspNetCompiler.PhysicalPath = "Snippet3-28Web\"
		Debug.AspNetCompiler.TargetPath = "PrecompiledWeb\Snippet3-28Web\"
		Debug.AspNetCompiler.Updateable = "true"
		Debug.AspNetCompiler.ForceOverwrite = "true"
		Debug.AspNetCompiler.FixedNames = "false"
		Debug.AspNetCompiler.Debug = "True"
		Release.AspNetCompiler.VirtualPath = "/Snippet3-28Web"
		Release.AspNetCompiler.PhysicalPath = "Snippet3-28Web\"
		Release.AspNetCompiler.TargetPath = "PrecompiledWeb\Snippet3-28Web\"
		Release.AspNetCompiler.Updateable = "true"
		Release.AspNetCompiler.ForceOverwrite = "true"
		Release.AspNetCompiler.FixedNames = "false"
		Release.AspNetCompiler.Debug = "False"
		VWDPort = "50268"
		DefaultWebSiteLanguage = "Visual C#"
		ProjOutputReferences = "{6FF6FFBE-48D5-4797-A81D-42FAD3AC8E9C}|ClientBin|false;"
	EndProjectSection
EndProject
Global
	GlobalSection(SolutionConfigurationPlatforms) = preSolution
		Debug|.NET = Debug|.NET
		Debug|Any CPU = Debug|Any CPU
		Debug|Mixed Platforms = Debug|Mixed Platforms
		Release|.NET = Release|.NET
		Release|Any CPU = Release|Any CPU
		Release|Mixed Platforms = Release|Mixed Platforms
	EndGlobalSection
	GlobalSection(ProjectConfigurationPlatforms) = postSolution
		{6FF6FFBE-48D5-4797-A81D-42FAD3AC8E9C}.Debug|.NET.ActiveCfg = Debug|Any CPU
		{6FF6FFBE-48D5-4797-A81D-42FAD3AC8E9C}.Debug|Any CPU.ActiveCfg = Debug|Any CPU
		{6FF6FFBE-48D5-4797-A81D-42FAD3AC8E9C}.Debug|Any CPU.Build.0 = Debug|Any CPU
		{6FF6FFBE-48D5-4797-A81D-42FAD3AC8E9C}.Debug|Mixed Platforms.ActiveCfg = Debug|Any CPU
		{6FF6FFBE-48D5-4797-A81D-42FAD3AC8E9C}.Debug|Mixed Platforms.Build.0 = Debug|Any CPU
		{6FF6FFBE-48D5-4797-A81D-42FAD3AC8E9C}.Release|.NET.ActiveCfg = Release|Any CPU
		{6FF6FFBE-48D5-4797-A81D-42FAD3AC8E9C}.Release|Any CPU.ActiveCfg = Release|Any CPU
		{6FF6FFBE-48D5-4797-A81D-42FAD3AC8E9C}.Release|Any CPU.Build.0 = Release|Any CPU
		{6FF6FFBE-48D5-4797-A81D-42FAD3AC8E9C}.Release|Mixed Platforms.ActiveCfg = Release|Any CPU
		{6FF6FFBE-48D5-4797-A81D-42FAD3AC8E9C}.Release|Mixed Platforms.Build.0 = Release|Any CPU
		{D0CE1A77-0389-43AA-99BF-35038527EECA}.Debug|.NET.ActiveCfg = Debug|.NET
		{D0CE1A77-0389-43AA-99BF-35038527EECA}.Debug|.NET.Build.0 = Debug|.NET
		{D0CE1A77-0389-43AA-99BF-35038527EECA}.Debug|Any CPU.ActiveCfg = Debug|.NET
		{D0CE1A77-0389-43AA-99BF-35038527EECA}.Debug|Mixed Platforms.ActiveCfg = Debug|.NET
		{D0CE1A77-0389-43AA-99BF-35038527EECA}.Debug|Mixed Platforms.Build.0 = Debug|.NET
		{D0CE1A77-0389-43AA-99BF-35038527EECA}.Release|.NET.ActiveCfg = Debug|.NET
		{D0CE1A77-0389-43AA-99BF-35038527EECA}.Release|.NET.Build.0 = Debug|.NET
		{D0CE1A77-0389-43AA-99BF-35038527EECA}.Release|Any CPU.ActiveCfg = Debug|.NET
		{D0CE1A77-0389-43AA-99BF-35038527EECA}.Release|Mixed Platforms.ActiveCfg = Debug|.NET
		{D0CE1A77-0389-43AA-99BF-35038527EECA}.Release|Mixed Platforms.Build.0 = Debug|.NET
	EndGlobalSection
	GlobalSection(SolutionProperties) = preSolution
		HideSolutionNode = FALSE
	EndGlobalSection
EndGlobal
