
Microsoft Visual Studio Solution File, Format Version 10.00
# Visual Studio 2008
Project("{FAE04EC0-301F-11D3-BF4B-00C04F79EFBC}") = "Snippet8-7", "Snippet8-7\Snippet8-7.csproj", "{13555B7A-B48E-4AD6-A515-E948217186E9}"
EndProject
Project("{FAE04EC0-301F-11D3-BF4B-00C04F79EFBC}") = "Snippet8-7Web", "Snippet8-7Web\Snippet8-7Web.csproj", "{CFB94C42-F752-47B5-9797-FB65286164E3}"
EndProject
Global
	GlobalSection(SolutionConfigurationPlatforms) = preSolution
		Debug|Any CPU = Debug|Any CPU
		Release|Any CPU = Release|Any CPU
	EndGlobalSection
	GlobalSection(ProjectConfigurationPlatforms) = postSolution
		{13555B7A-B48E-4AD6-A515-E948217186E9}.Debug|Any CPU.ActiveCfg = Debug|Any CPU
		{13555B7A-B48E-4AD6-A515-E948217186E9}.Debug|Any CPU.Build.0 = Debug|Any CPU
		{13555B7A-B48E-4AD6-A515-E948217186E9}.Release|Any CPU.ActiveCfg = Release|Any CPU
		{13555B7A-B48E-4AD6-A515-E948217186E9}.Release|Any CPU.Build.0 = Release|Any CPU
		{CFB94C42-F752-47B5-9797-FB65286164E3}.Debug|Any CPU.ActiveCfg = Debug|Any CPU
		{CFB94C42-F752-47B5-9797-FB65286164E3}.Debug|Any CPU.Build.0 = Debug|Any CPU
		{CFB94C42-F752-47B5-9797-FB65286164E3}.Release|Any CPU.ActiveCfg = Release|Any CPU
		{CFB94C42-F752-47B5-9797-FB65286164E3}.Release|Any CPU.Build.0 = Release|Any CPU
	EndGlobalSection
	GlobalSection(SolutionProperties) = preSolution
		HideSolutionNode = FALSE
	EndGlobalSection
EndGlobal
