
Microsoft Visual Studio Solution File, Format Version 10.00
# Visual Studio 2008
Project("{FAE04EC0-301F-11D3-BF4B-00C04F79EFBC}") = "Snippet9-18", "Snippet9-18\Snippet9-18.csproj", "{34C67CA4-117E-431C-9D63-890DD8C314FF}"
EndProject
Project("{FAE04EC0-301F-11D3-BF4B-00C04F79EFBC}") = "Snippet9-18Web", "Snippet9-18Web\Snippet9-18Web.csproj", "{12755A63-7585-4E47-B58B-3DA97C1BEFBC}"
EndProject
Global
	GlobalSection(SolutionConfigurationPlatforms) = preSolution
		Debug|Any CPU = Debug|Any CPU
		Release|Any CPU = Release|Any CPU
	EndGlobalSection
	GlobalSection(ProjectConfigurationPlatforms) = postSolution
		{34C67CA4-117E-431C-9D63-890DD8C314FF}.Debug|Any CPU.ActiveCfg = Debug|Any CPU
		{34C67CA4-117E-431C-9D63-890DD8C314FF}.Debug|Any CPU.Build.0 = Debug|Any CPU
		{34C67CA4-117E-431C-9D63-890DD8C314FF}.Release|Any CPU.ActiveCfg = Release|Any CPU
		{34C67CA4-117E-431C-9D63-890DD8C314FF}.Release|Any CPU.Build.0 = Release|Any CPU
		{12755A63-7585-4E47-B58B-3DA97C1BEFBC}.Debug|Any CPU.ActiveCfg = Debug|Any CPU
		{12755A63-7585-4E47-B58B-3DA97C1BEFBC}.Debug|Any CPU.Build.0 = Debug|Any CPU
		{12755A63-7585-4E47-B58B-3DA97C1BEFBC}.Release|Any CPU.ActiveCfg = Release|Any CPU
		{12755A63-7585-4E47-B58B-3DA97C1BEFBC}.Release|Any CPU.Build.0 = Release|Any CPU
	EndGlobalSection
	GlobalSection(SolutionProperties) = preSolution
		HideSolutionNode = FALSE
	EndGlobalSection
EndGlobal
