
Microsoft Visual Studio Solution File, Format Version 10.00
# Visual Studio 2008
Project("{FAE04EC0-301F-11D3-BF4B-00C04F79EFBC}") = "Snippet7-6", "Snippet7-6\Snippet7-6.csproj", "{47F84EA5-FFF4-4566-A188-4AD005C1F725}"
EndProject
Project("{E24C65DC-7377-472B-9ABA-BC803B73C61A}") = "Snippet7-6Web", "Snippet7-6Web\", "{BEA68032-442D-40E1-A9D4-5CD757AABC8B}"
	ProjectSection(WebsiteProperties) = preProject
		TargetFramework = "3.5"
		Debug.AspNetCompiler.VirtualPath = "/Snippet7-6Web"
		Debug.AspNetCompiler.PhysicalPath = "Snippet7-6Web\"
		Debug.AspNetCompiler.TargetPath = "PrecompiledWeb\Snippet7-6Web\"
		Debug.AspNetCompiler.Updateable = "true"
		Debug.AspNetCompiler.ForceOverwrite = "true"
		Debug.AspNetCompiler.FixedNames = "false"
		Debug.AspNetCompiler.Debug = "True"
		Release.AspNetCompiler.VirtualPath = "/Snippet7-6Web"
		Release.AspNetCompiler.PhysicalPath = "Snippet7-6Web\"
		Release.AspNetCompiler.TargetPath = "PrecompiledWeb\Snippet7-6Web\"
		Release.AspNetCompiler.Updateable = "true"
		Release.AspNetCompiler.ForceOverwrite = "true"
		Release.AspNetCompiler.FixedNames = "false"
		Release.AspNetCompiler.Debug = "False"
		VWDPort = "50232"
		DefaultWebSiteLanguage = "Visual C#"
		ProjOutputReferences = "{47F84EA5-FFF4-4566-A188-4AD005C1F725}|ClientBin|false;"
	EndProjectSection
EndProject
Global
	GlobalSection(SolutionConfigurationPlatforms) = preSolution
		Debug|.NET = Debug|.NET
		Debug|Any CPU = Debug|Any CPU
		Debug|Mixed Platforms = Debug|Mixed Platforms
		Release|.NET = Release|.NET
		Release|Any CPU = Release|Any CPU
		Release|Mixed Platforms = Release|Mixed Platforms
	EndGlobalSection
	GlobalSection(ProjectConfigurationPlatforms) = postSolution
		{47F84EA5-FFF4-4566-A188-4AD005C1F725}.Debug|.NET.ActiveCfg = Debug|Any CPU
		{47F84EA5-FFF4-4566-A188-4AD005C1F725}.Debug|Any CPU.ActiveCfg = Debug|Any CPU
		{47F84EA5-FFF4-4566-A188-4AD005C1F725}.Debug|Any CPU.Build.0 = Debug|Any CPU
		{47F84EA5-FFF4-4566-A188-4AD005C1F725}.Debug|Mixed Platforms.ActiveCfg = Debug|Any CPU
		{47F84EA5-FFF4-4566-A188-4AD005C1F725}.Debug|Mixed Platforms.Build.0 = Debug|Any CPU
		{47F84EA5-FFF4-4566-A188-4AD005C1F725}.Release|.NET.ActiveCfg = Release|Any CPU
		{47F84EA5-FFF4-4566-A188-4AD005C1F725}.Release|Any CPU.ActiveCfg = Release|Any CPU
		{47F84EA5-FFF4-4566-A188-4AD005C1F725}.Release|Any CPU.Build.0 = Release|Any CPU
		{47F84EA5-FFF4-4566-A188-4AD005C1F725}.Release|Mixed Platforms.ActiveCfg = Release|Any CPU
		{47F84EA5-FFF4-4566-A188-4AD005C1F725}.Release|Mixed Platforms.Build.0 = Release|Any CPU
		{BEA68032-442D-40E1-A9D4-5CD757AABC8B}.Debug|.NET.ActiveCfg = Debug|.NET
		{BEA68032-442D-40E1-A9D4-5CD757AABC8B}.Debug|.NET.Build.0 = Debug|.NET
		{BEA68032-442D-40E1-A9D4-5CD757AABC8B}.Debug|Any CPU.ActiveCfg = Debug|.NET
		{BEA68032-442D-40E1-A9D4-5CD757AABC8B}.Debug|Mixed Platforms.ActiveCfg = Debug|.NET
		{BEA68032-442D-40E1-A9D4-5CD757AABC8B}.Debug|Mixed Platforms.Build.0 = Debug|.NET
		{BEA68032-442D-40E1-A9D4-5CD757AABC8B}.Release|.NET.ActiveCfg = Debug|.NET
		{BEA68032-442D-40E1-A9D4-5CD757AABC8B}.Release|.NET.Build.0 = Debug|.NET
		{BEA68032-442D-40E1-A9D4-5CD757AABC8B}.Release|Any CPU.ActiveCfg = Debug|.NET
		{BEA68032-442D-40E1-A9D4-5CD757AABC8B}.Release|Mixed Platforms.ActiveCfg = Debug|.NET
		{BEA68032-442D-40E1-A9D4-5CD757AABC8B}.Release|Mixed Platforms.Build.0 = Debug|.NET
	EndGlobalSection
	GlobalSection(SolutionProperties) = preSolution
		HideSolutionNode = FALSE
	EndGlobalSection
EndGlobal
