
Microsoft Visual Studio Solution File, Format Version 10.00
# Visual Studio 2008
Project("{FAE04EC0-301F-11D3-BF4B-00C04F79EFBC}") = "Snippet11-7", "Snippet11-7\Snippet11-7.csproj", "{3225AC26-8E7C-464A-93E0-B6986A103770}"
EndProject
Project("{FAE04EC0-301F-11D3-BF4B-00C04F79EFBC}") = "Snippet11-7Web", "Snippet11-7Web\Snippet11-7Web.csproj", "{C36A35F4-A9F7-4041-A70D-73CE55FFE24A}"
EndProject
Global
	GlobalSection(SolutionConfigurationPlatforms) = preSolution
		Debug|Any CPU = Debug|Any CPU
		Release|Any CPU = Release|Any CPU
	EndGlobalSection
	GlobalSection(ProjectConfigurationPlatforms) = postSolution
		{3225AC26-8E7C-464A-93E0-B6986A103770}.Debug|Any CPU.ActiveCfg = Debug|Any CPU
		{3225AC26-8E7C-464A-93E0-B6986A103770}.Debug|Any CPU.Build.0 = Debug|Any CPU
		{3225AC26-8E7C-464A-93E0-B6986A103770}.Release|Any CPU.ActiveCfg = Release|Any CPU
		{3225AC26-8E7C-464A-93E0-B6986A103770}.Release|Any CPU.Build.0 = Release|Any CPU
		{C36A35F4-A9F7-4041-A70D-73CE55FFE24A}.Debug|Any CPU.ActiveCfg = Debug|Any CPU
		{C36A35F4-A9F7-4041-A70D-73CE55FFE24A}.Debug|Any CPU.Build.0 = Debug|Any CPU
		{C36A35F4-A9F7-4041-A70D-73CE55FFE24A}.Release|Any CPU.ActiveCfg = Release|Any CPU
		{C36A35F4-A9F7-4041-A70D-73CE55FFE24A}.Release|Any CPU.Build.0 = Release|Any CPU
	EndGlobalSection
	GlobalSection(SolutionProperties) = preSolution
		HideSolutionNode = FALSE
	EndGlobalSection
EndGlobal
