
Microsoft Visual Studio Solution File, Format Version 10.00
# Visual Studio 2008
Project("{FAE04EC0-301F-11D3-BF4B-00C04F79EFBC}") = "Snippet2-24.Web", "Snippet2-24.Web\Snippet2-24.Web.csproj", "{9944CDE0-1DCE-4454-892D-1BC9487CC642}"
EndProject
Project("{FAE04EC0-301F-11D3-BF4B-00C04F79EFBC}") = "MySilverlightApp", "MySilverlightApp\MySilverlightApp.csproj", "{77F26EF2-9C5F-417C-92D6-19F2CCDAB7EA}"
EndProject
Global
	GlobalSection(SolutionConfigurationPlatforms) = preSolution
		Debug|Any CPU = Debug|Any CPU
		Release|Any CPU = Release|Any CPU
	EndGlobalSection
	GlobalSection(ProjectConfigurationPlatforms) = postSolution
		{9944CDE0-1DCE-4454-892D-1BC9487CC642}.Debug|Any CPU.ActiveCfg = Debug|Any CPU
		{9944CDE0-1DCE-4454-892D-1BC9487CC642}.Debug|Any CPU.Build.0 = Debug|Any CPU
		{9944CDE0-1DCE-4454-892D-1BC9487CC642}.Release|Any CPU.ActiveCfg = Release|Any CPU
		{9944CDE0-1DCE-4454-892D-1BC9487CC642}.Release|Any CPU.Build.0 = Release|Any CPU
		{77F26EF2-9C5F-417C-92D6-19F2CCDAB7EA}.Debug|Any CPU.ActiveCfg = Debug|Any CPU
		{77F26EF2-9C5F-417C-92D6-19F2CCDAB7EA}.Debug|Any CPU.Build.0 = Debug|Any CPU
		{77F26EF2-9C5F-417C-92D6-19F2CCDAB7EA}.Release|Any CPU.ActiveCfg = Release|Any CPU
		{77F26EF2-9C5F-417C-92D6-19F2CCDAB7EA}.Release|Any CPU.Build.0 = Release|Any CPU
	EndGlobalSection
	GlobalSection(SolutionProperties) = preSolution
		HideSolutionNode = FALSE
	EndGlobalSection
EndGlobal
