
Microsoft Visual Studio Solution File, Format Version 10.00
# Visual Studio 2008
Project("{FAE04EC0-301F-11D3-BF4B-00C04F79EFBC}") = "Snippet12-11", "Snippet12-11\Snippet12-11.csproj", "{D518027B-E22D-4D1F-96E7-42A3F57165AF}"
EndProject
Project("{FAE04EC0-301F-11D3-BF4B-00C04F79EFBC}") = "Snippet12-11Web", "Snippet12-11Web\Snippet12-11Web.csproj", "{E5FF60AD-26EB-4703-BDC6-A3E3D07C0008}"
EndProject
Global
	GlobalSection(SolutionConfigurationPlatforms) = preSolution
		Debug|Any CPU = Debug|Any CPU
		Release|Any CPU = Release|Any CPU
	EndGlobalSection
	GlobalSection(ProjectConfigurationPlatforms) = postSolution
		{D518027B-E22D-4D1F-96E7-42A3F57165AF}.Debug|Any CPU.ActiveCfg = Debug|Any CPU
		{D518027B-E22D-4D1F-96E7-42A3F57165AF}.Debug|Any CPU.Build.0 = Debug|Any CPU
		{D518027B-E22D-4D1F-96E7-42A3F57165AF}.Release|Any CPU.ActiveCfg = Release|Any CPU
		{D518027B-E22D-4D1F-96E7-42A3F57165AF}.Release|Any CPU.Build.0 = Release|Any CPU
		{E5FF60AD-26EB-4703-BDC6-A3E3D07C0008}.Debug|Any CPU.ActiveCfg = Debug|Any CPU
		{E5FF60AD-26EB-4703-BDC6-A3E3D07C0008}.Debug|Any CPU.Build.0 = Debug|Any CPU
		{E5FF60AD-26EB-4703-BDC6-A3E3D07C0008}.Release|Any CPU.ActiveCfg = Release|Any CPU
		{E5FF60AD-26EB-4703-BDC6-A3E3D07C0008}.Release|Any CPU.Build.0 = Release|Any CPU
	EndGlobalSection
	GlobalSection(SolutionProperties) = preSolution
		HideSolutionNode = FALSE
	EndGlobalSection
EndGlobal
