
Microsoft Visual Studio Solution File, Format Version 10.00
# Visual Studio 2008
Project("{FAE04EC0-301F-11D3-BF4B-00C04F79EFBC}") = "Snippet5-22", "Snippet5-22\Snippet5-22.csproj", "{0F9E2F1A-03C6-4604-AC9C-82CDD02F85DF}"
EndProject
Project("{FAE04EC0-301F-11D3-BF4B-00C04F79EFBC}") = "Snippet5-22Web", "Snippet5-22Web\Snippet5-22Web.csproj", "{50160444-2FC3-4CAC-85C9-B3FF41DD955E}"
EndProject
Global
	GlobalSection(SolutionConfigurationPlatforms) = preSolution
		Debug|Any CPU = Debug|Any CPU
		Release|Any CPU = Release|Any CPU
	EndGlobalSection
	GlobalSection(ProjectConfigurationPlatforms) = postSolution
		{0F9E2F1A-03C6-4604-AC9C-82CDD02F85DF}.Debug|Any CPU.ActiveCfg = Debug|Any CPU
		{0F9E2F1A-03C6-4604-AC9C-82CDD02F85DF}.Debug|Any CPU.Build.0 = Debug|Any CPU
		{0F9E2F1A-03C6-4604-AC9C-82CDD02F85DF}.Release|Any CPU.ActiveCfg = Release|Any CPU
		{0F9E2F1A-03C6-4604-AC9C-82CDD02F85DF}.Release|Any CPU.Build.0 = Release|Any CPU
		{50160444-2FC3-4CAC-85C9-B3FF41DD955E}.Debug|Any CPU.ActiveCfg = Debug|Any CPU
		{50160444-2FC3-4CAC-85C9-B3FF41DD955E}.Debug|Any CPU.Build.0 = Debug|Any CPU
		{50160444-2FC3-4CAC-85C9-B3FF41DD955E}.Release|Any CPU.ActiveCfg = Release|Any CPU
		{50160444-2FC3-4CAC-85C9-B3FF41DD955E}.Release|Any CPU.Build.0 = Release|Any CPU
	EndGlobalSection
	GlobalSection(SolutionProperties) = preSolution
		HideSolutionNode = FALSE
	EndGlobalSection
EndGlobal
