
Microsoft Visual Studio Solution File, Format Version 10.00
# Visual Studio 2008
Project("{FAE04EC0-301F-11D3-BF4B-00C04F79EFBC}") = "Snippet5-9", "Snippet5-9\Snippet5-9.csproj", "{CC557885-30AC-4D9B-AEF5-2EFE4084A671}"
EndProject
Project("{FAE04EC0-301F-11D3-BF4B-00C04F79EFBC}") = "Snippet5-9Web", "Snippet5-9Web\Snippet5-9Web.csproj", "{133EB0FE-7C21-47C5-B21A-8BF5F4D3E549}"
EndProject
Global
	GlobalSection(SolutionConfigurationPlatforms) = preSolution
		Debug|Any CPU = Debug|Any CPU
		Release|Any CPU = Release|Any CPU
	EndGlobalSection
	GlobalSection(ProjectConfigurationPlatforms) = postSolution
		{CC557885-30AC-4D9B-AEF5-2EFE4084A671}.Debug|Any CPU.ActiveCfg = Debug|Any CPU
		{CC557885-30AC-4D9B-AEF5-2EFE4084A671}.Debug|Any CPU.Build.0 = Debug|Any CPU
		{CC557885-30AC-4D9B-AEF5-2EFE4084A671}.Release|Any CPU.ActiveCfg = Release|Any CPU
		{CC557885-30AC-4D9B-AEF5-2EFE4084A671}.Release|Any CPU.Build.0 = Release|Any CPU
		{133EB0FE-7C21-47C5-B21A-8BF5F4D3E549}.Debug|Any CPU.ActiveCfg = Debug|Any CPU
		{133EB0FE-7C21-47C5-B21A-8BF5F4D3E549}.Debug|Any CPU.Build.0 = Debug|Any CPU
		{133EB0FE-7C21-47C5-B21A-8BF5F4D3E549}.Release|Any CPU.ActiveCfg = Release|Any CPU
		{133EB0FE-7C21-47C5-B21A-8BF5F4D3E549}.Release|Any CPU.Build.0 = Release|Any CPU
	EndGlobalSection
	GlobalSection(SolutionProperties) = preSolution
		HideSolutionNode = FALSE
	EndGlobalSection
EndGlobal
