
Microsoft Visual Studio Solution File, Format Version 10.00
# Visual Studio 2008
Project("{FAE04EC0-301F-11D3-BF4B-00C04F79EFBC}") = "Snippet2-17", "Snippet2-17\Snippet2-17.csproj", "{0CF50D6B-EEE9-4075-AC7C-8149D49E8EC4}"
EndProject
Project("{FAE04EC0-301F-11D3-BF4B-00C04F79EFBC}") = "Snippet2-17.Web", "Snippet2-17.Web\Snippet2-17.Web.csproj", "{7B7D1659-C503-4740-A9FD-54569795A48D}"
EndProject
Global
	GlobalSection(SolutionConfigurationPlatforms) = preSolution
		Debug|Any CPU = Debug|Any CPU
		Release|Any CPU = Release|Any CPU
	EndGlobalSection
	GlobalSection(ProjectConfigurationPlatforms) = postSolution
		{0CF50D6B-EEE9-4075-AC7C-8149D49E8EC4}.Debug|Any CPU.ActiveCfg = Debug|Any CPU
		{0CF50D6B-EEE9-4075-AC7C-8149D49E8EC4}.Debug|Any CPU.Build.0 = Debug|Any CPU
		{0CF50D6B-EEE9-4075-AC7C-8149D49E8EC4}.Release|Any CPU.ActiveCfg = Release|Any CPU
		{0CF50D6B-EEE9-4075-AC7C-8149D49E8EC4}.Release|Any CPU.Build.0 = Release|Any CPU
		{7B7D1659-C503-4740-A9FD-54569795A48D}.Debug|Any CPU.ActiveCfg = Debug|Any CPU
		{7B7D1659-C503-4740-A9FD-54569795A48D}.Debug|Any CPU.Build.0 = Debug|Any CPU
		{7B7D1659-C503-4740-A9FD-54569795A48D}.Release|Any CPU.ActiveCfg = Release|Any CPU
		{7B7D1659-C503-4740-A9FD-54569795A48D}.Release|Any CPU.Build.0 = Release|Any CPU
	EndGlobalSection
	GlobalSection(SolutionProperties) = preSolution
		HideSolutionNode = FALSE
	EndGlobalSection
EndGlobal
