
Microsoft Visual Studio Solution File, Format Version 10.00
# Visual Studio 2008
Project("{FAE04EC0-301F-11D3-BF4B-00C04F79EFBC}") = "Snippet8-6", "Snippet8-6\Snippet8-6.csproj", "{AAB8CFFC-CC26-4DD7-9086-62435EC68C6E}"
EndProject
Project("{FAE04EC0-301F-11D3-BF4B-00C04F79EFBC}") = "Snippet8-6Web", "Snippet8-6Web\Snippet8-6Web.csproj", "{5C52A66A-D2DA-4898-AA16-56BF759925F7}"
EndProject
Global
	GlobalSection(SolutionConfigurationPlatforms) = preSolution
		Debug|Any CPU = Debug|Any CPU
		Release|Any CPU = Release|Any CPU
	EndGlobalSection
	GlobalSection(ProjectConfigurationPlatforms) = postSolution
		{AAB8CFFC-CC26-4DD7-9086-62435EC68C6E}.Debug|Any CPU.ActiveCfg = Debug|Any CPU
		{AAB8CFFC-CC26-4DD7-9086-62435EC68C6E}.Debug|Any CPU.Build.0 = Debug|Any CPU
		{AAB8CFFC-CC26-4DD7-9086-62435EC68C6E}.Release|Any CPU.ActiveCfg = Release|Any CPU
		{AAB8CFFC-CC26-4DD7-9086-62435EC68C6E}.Release|Any CPU.Build.0 = Release|Any CPU
		{5C52A66A-D2DA-4898-AA16-56BF759925F7}.Debug|Any CPU.ActiveCfg = Debug|Any CPU
		{5C52A66A-D2DA-4898-AA16-56BF759925F7}.Debug|Any CPU.Build.0 = Debug|Any CPU
		{5C52A66A-D2DA-4898-AA16-56BF759925F7}.Release|Any CPU.ActiveCfg = Release|Any CPU
		{5C52A66A-D2DA-4898-AA16-56BF759925F7}.Release|Any CPU.Build.0 = Release|Any CPU
	EndGlobalSection
	GlobalSection(SolutionProperties) = preSolution
		HideSolutionNode = FALSE
	EndGlobalSection
EndGlobal
