
Microsoft Visual Studio Solution File, Format Version 10.00
# Visual Studio 2008
Project("{FAE04EC0-301F-11D3-BF4B-00C04F79EFBC}") = "Snippet8-27", "Snippet8-27\Snippet8-27.csproj", "{0921F6F0-E6BA-4832-A0DC-D5F2FE565D69}"
EndProject
Project("{FAE04EC0-301F-11D3-BF4B-00C04F79EFBC}") = "Snippet8-27Web", "Snippet8-27Web\Snippet8-27Web.csproj", "{D2FA3D4B-B414-4AD5-919A-B47B678542FE}"
EndProject
Global
	GlobalSection(SolutionConfigurationPlatforms) = preSolution
		Debug|Any CPU = Debug|Any CPU
		Release|Any CPU = Release|Any CPU
	EndGlobalSection
	GlobalSection(ProjectConfigurationPlatforms) = postSolution
		{0921F6F0-E6BA-4832-A0DC-D5F2FE565D69}.Debug|Any CPU.ActiveCfg = Debug|Any CPU
		{0921F6F0-E6BA-4832-A0DC-D5F2FE565D69}.Debug|Any CPU.Build.0 = Debug|Any CPU
		{0921F6F0-E6BA-4832-A0DC-D5F2FE565D69}.Release|Any CPU.ActiveCfg = Release|Any CPU
		{0921F6F0-E6BA-4832-A0DC-D5F2FE565D69}.Release|Any CPU.Build.0 = Release|Any CPU
		{D2FA3D4B-B414-4AD5-919A-B47B678542FE}.Debug|Any CPU.ActiveCfg = Debug|Any CPU
		{D2FA3D4B-B414-4AD5-919A-B47B678542FE}.Debug|Any CPU.Build.0 = Debug|Any CPU
		{D2FA3D4B-B414-4AD5-919A-B47B678542FE}.Release|Any CPU.ActiveCfg = Release|Any CPU
		{D2FA3D4B-B414-4AD5-919A-B47B678542FE}.Release|Any CPU.Build.0 = Release|Any CPU
	EndGlobalSection
	GlobalSection(SolutionProperties) = preSolution
		HideSolutionNode = FALSE
	EndGlobalSection
EndGlobal
