
Microsoft Visual Studio Solution File, Format Version 10.00
# Visual Studio 2008
Project("{FAE04EC0-301F-11D3-BF4B-00C04F79EFBC}") = "Snippet8-14", "Snippet8-14\Snippet8-14.csproj", "{FCABAD4B-07C3-4CB7-B368-6449D95EEAA2}"
EndProject
Project("{FAE04EC0-301F-11D3-BF4B-00C04F79EFBC}") = "Snippet8-14Web", "Snippet8-14Web\Snippet8-14Web.csproj", "{D3209104-1AA5-4A5F-A3F9-25F987E286CD}"
EndProject
Global
	GlobalSection(SolutionConfigurationPlatforms) = preSolution
		Debug|Any CPU = Debug|Any CPU
		Release|Any CPU = Release|Any CPU
	EndGlobalSection
	GlobalSection(ProjectConfigurationPlatforms) = postSolution
		{FCABAD4B-07C3-4CB7-B368-6449D95EEAA2}.Debug|Any CPU.ActiveCfg = Debug|Any CPU
		{FCABAD4B-07C3-4CB7-B368-6449D95EEAA2}.Debug|Any CPU.Build.0 = Debug|Any CPU
		{FCABAD4B-07C3-4CB7-B368-6449D95EEAA2}.Release|Any CPU.ActiveCfg = Release|Any CPU
		{FCABAD4B-07C3-4CB7-B368-6449D95EEAA2}.Release|Any CPU.Build.0 = Release|Any CPU
		{D3209104-1AA5-4A5F-A3F9-25F987E286CD}.Debug|Any CPU.ActiveCfg = Debug|Any CPU
		{D3209104-1AA5-4A5F-A3F9-25F987E286CD}.Debug|Any CPU.Build.0 = Debug|Any CPU
		{D3209104-1AA5-4A5F-A3F9-25F987E286CD}.Release|Any CPU.ActiveCfg = Release|Any CPU
		{D3209104-1AA5-4A5F-A3F9-25F987E286CD}.Release|Any CPU.Build.0 = Release|Any CPU
	EndGlobalSection
	GlobalSection(SolutionProperties) = preSolution
		HideSolutionNode = FALSE
	EndGlobalSection
EndGlobal
