
Microsoft Visual Studio Solution File, Format Version 10.00
# Visual Studio 2008
Project("{FAE04EC0-301F-11D3-BF4B-00C04F79EFBC}") = "Snippet8-16", "Snippet8-16\Snippet8-16.csproj", "{062D7601-6483-4121-80EF-8B38832B5F24}"
EndProject
Project("{FAE04EC0-301F-11D3-BF4B-00C04F79EFBC}") = "Snippet8-16Web", "Snippet8-16Web\Snippet8-16Web.csproj", "{4C4C09FA-5621-4AD8-A39A-32E505F011D4}"
EndProject
Global
	GlobalSection(SolutionConfigurationPlatforms) = preSolution
		Debug|Any CPU = Debug|Any CPU
		Release|Any CPU = Release|Any CPU
	EndGlobalSection
	GlobalSection(ProjectConfigurationPlatforms) = postSolution
		{062D7601-6483-4121-80EF-8B38832B5F24}.Debug|Any CPU.ActiveCfg = Debug|Any CPU
		{062D7601-6483-4121-80EF-8B38832B5F24}.Debug|Any CPU.Build.0 = Debug|Any CPU
		{062D7601-6483-4121-80EF-8B38832B5F24}.Release|Any CPU.ActiveCfg = Release|Any CPU
		{062D7601-6483-4121-80EF-8B38832B5F24}.Release|Any CPU.Build.0 = Release|Any CPU
		{4C4C09FA-5621-4AD8-A39A-32E505F011D4}.Debug|Any CPU.ActiveCfg = Debug|Any CPU
		{4C4C09FA-5621-4AD8-A39A-32E505F011D4}.Debug|Any CPU.Build.0 = Debug|Any CPU
		{4C4C09FA-5621-4AD8-A39A-32E505F011D4}.Release|Any CPU.ActiveCfg = Release|Any CPU
		{4C4C09FA-5621-4AD8-A39A-32E505F011D4}.Release|Any CPU.Build.0 = Release|Any CPU
	EndGlobalSection
	GlobalSection(SolutionProperties) = preSolution
		HideSolutionNode = FALSE
	EndGlobalSection
EndGlobal
