
Microsoft Visual Studio Solution File, Format Version 10.00
# Visual Studio 2008
Project("{FAE04EC0-301F-11D3-BF4B-00C04F79EFBC}") = "Snippet10-15", "Snippet10-15\Snippet10-15.csproj", "{DD3F92CF-6736-47B9-AA21-6723029EBEB6}"
EndProject
Project("{FAE04EC0-301F-11D3-BF4B-00C04F79EFBC}") = "Snippet10-15Web", "Snippet10-15Web\Snippet10-15Web.csproj", "{1E2BDD68-EA30-4D77-A20B-B5930AEE8B1E}"
EndProject
Global
	GlobalSection(SolutionConfigurationPlatforms) = preSolution
		Debug|Any CPU = Debug|Any CPU
		Release|Any CPU = Release|Any CPU
	EndGlobalSection
	GlobalSection(ProjectConfigurationPlatforms) = postSolution
		{DD3F92CF-6736-47B9-AA21-6723029EBEB6}.Debug|Any CPU.ActiveCfg = Debug|Any CPU
		{DD3F92CF-6736-47B9-AA21-6723029EBEB6}.Debug|Any CPU.Build.0 = Debug|Any CPU
		{DD3F92CF-6736-47B9-AA21-6723029EBEB6}.Release|Any CPU.ActiveCfg = Release|Any CPU
		{DD3F92CF-6736-47B9-AA21-6723029EBEB6}.Release|Any CPU.Build.0 = Release|Any CPU
		{1E2BDD68-EA30-4D77-A20B-B5930AEE8B1E}.Debug|Any CPU.ActiveCfg = Debug|Any CPU
		{1E2BDD68-EA30-4D77-A20B-B5930AEE8B1E}.Debug|Any CPU.Build.0 = Debug|Any CPU
		{1E2BDD68-EA30-4D77-A20B-B5930AEE8B1E}.Release|Any CPU.ActiveCfg = Release|Any CPU
		{1E2BDD68-EA30-4D77-A20B-B5930AEE8B1E}.Release|Any CPU.Build.0 = Release|Any CPU
	EndGlobalSection
	GlobalSection(SolutionProperties) = preSolution
		HideSolutionNode = FALSE
	EndGlobalSection
EndGlobal
