
Microsoft Visual Studio Solution File, Format Version 10.00
# Visual Studio 2008
Project("{FAE04EC0-301F-11D3-BF4B-00C04F79EFBC}") = "Snippet1-3", "Snippet1-3\Snippet1-3.csproj", "{0EAA4110-B03C-4BC9-86AD-8B5C892AADE9}"
EndProject
Project("{FAE04EC0-301F-11D3-BF4B-00C04F79EFBC}") = "Snippet1-3.Web", "Snippet1-3.Web\Snippet1-3.Web.csproj", "{D1BC1EB0-02C9-4A10-9681-6303F403C2C5}"
EndProject
Global
	GlobalSection(SolutionConfigurationPlatforms) = preSolution
		Debug|Any CPU = Debug|Any CPU
		Release|Any CPU = Release|Any CPU
	EndGlobalSection
	GlobalSection(ProjectConfigurationPlatforms) = postSolution
		{0EAA4110-B03C-4BC9-86AD-8B5C892AADE9}.Debug|Any CPU.ActiveCfg = Debug|Any CPU
		{0EAA4110-B03C-4BC9-86AD-8B5C892AADE9}.Debug|Any CPU.Build.0 = Debug|Any CPU
		{0EAA4110-B03C-4BC9-86AD-8B5C892AADE9}.Release|Any CPU.ActiveCfg = Release|Any CPU
		{0EAA4110-B03C-4BC9-86AD-8B5C892AADE9}.Release|Any CPU.Build.0 = Release|Any CPU
		{D1BC1EB0-02C9-4A10-9681-6303F403C2C5}.Debug|Any CPU.ActiveCfg = Debug|Any CPU
		{D1BC1EB0-02C9-4A10-9681-6303F403C2C5}.Debug|Any CPU.Build.0 = Debug|Any CPU
		{D1BC1EB0-02C9-4A10-9681-6303F403C2C5}.Release|Any CPU.ActiveCfg = Release|Any CPU
		{D1BC1EB0-02C9-4A10-9681-6303F403C2C5}.Release|Any CPU.Build.0 = Release|Any CPU
	EndGlobalSection
	GlobalSection(SolutionProperties) = preSolution
		HideSolutionNode = FALSE
	EndGlobalSection
EndGlobal
