
Microsoft Visual Studio Solution File, Format Version 10.00
# Visual Studio 2008
Project("{FAE04EC0-301F-11D3-BF4B-00C04F79EFBC}") = "Snippet4-32", "Snippet4-32\Snippet4-32.csproj", "{F6A4F65E-9680-4FD3-9899-3750EC8DD101}"
EndProject
Project("{E24C65DC-7377-472B-9ABA-BC803B73C61A}") = "Snippet4-32Web", "Snippet4-32Web\", "{D5220F0C-CEA9-4BF7-8AE1-EF93D388081E}"
	ProjectSection(WebsiteProperties) = preProject
		TargetFramework = "3.5"
		Debug.AspNetCompiler.VirtualPath = "/Snippet4-32Web"
		Debug.AspNetCompiler.PhysicalPath = "Snippet4-32Web\"
		Debug.AspNetCompiler.TargetPath = "PrecompiledWeb\Snippet4-32Web\"
		Debug.AspNetCompiler.Updateable = "true"
		Debug.AspNetCompiler.ForceOverwrite = "true"
		Debug.AspNetCompiler.FixedNames = "false"
		Debug.AspNetCompiler.Debug = "True"
		Release.AspNetCompiler.VirtualPath = "/Snippet4-32Web"
		Release.AspNetCompiler.PhysicalPath = "Snippet4-32Web\"
		Release.AspNetCompiler.TargetPath = "PrecompiledWeb\Snippet4-32Web\"
		Release.AspNetCompiler.Updateable = "true"
		Release.AspNetCompiler.ForceOverwrite = "true"
		Release.AspNetCompiler.FixedNames = "false"
		Release.AspNetCompiler.Debug = "False"
		VWDPort = "49925"
		DefaultWebSiteLanguage = "Visual C#"
		ProjOutputReferences = "{F6A4F65E-9680-4FD3-9899-3750EC8DD101}|ClientBin|false;"
	EndProjectSection
EndProject
Global
	GlobalSection(SolutionConfigurationPlatforms) = preSolution
		Debug|.NET = Debug|.NET
		Debug|Any CPU = Debug|Any CPU
		Debug|Mixed Platforms = Debug|Mixed Platforms
		Release|.NET = Release|.NET
		Release|Any CPU = Release|Any CPU
		Release|Mixed Platforms = Release|Mixed Platforms
	EndGlobalSection
	GlobalSection(ProjectConfigurationPlatforms) = postSolution
		{F6A4F65E-9680-4FD3-9899-3750EC8DD101}.Debug|.NET.ActiveCfg = Debug|Any CPU
		{F6A4F65E-9680-4FD3-9899-3750EC8DD101}.Debug|Any CPU.ActiveCfg = Debug|Any CPU
		{F6A4F65E-9680-4FD3-9899-3750EC8DD101}.Debug|Any CPU.Build.0 = Debug|Any CPU
		{F6A4F65E-9680-4FD3-9899-3750EC8DD101}.Debug|Mixed Platforms.ActiveCfg = Debug|Any CPU
		{F6A4F65E-9680-4FD3-9899-3750EC8DD101}.Debug|Mixed Platforms.Build.0 = Debug|Any CPU
		{F6A4F65E-9680-4FD3-9899-3750EC8DD101}.Release|.NET.ActiveCfg = Release|Any CPU
		{F6A4F65E-9680-4FD3-9899-3750EC8DD101}.Release|Any CPU.ActiveCfg = Release|Any CPU
		{F6A4F65E-9680-4FD3-9899-3750EC8DD101}.Release|Any CPU.Build.0 = Release|Any CPU
		{F6A4F65E-9680-4FD3-9899-3750EC8DD101}.Release|Mixed Platforms.ActiveCfg = Release|Any CPU
		{F6A4F65E-9680-4FD3-9899-3750EC8DD101}.Release|Mixed Platforms.Build.0 = Release|Any CPU
		{D5220F0C-CEA9-4BF7-8AE1-EF93D388081E}.Debug|.NET.ActiveCfg = Debug|.NET
		{D5220F0C-CEA9-4BF7-8AE1-EF93D388081E}.Debug|.NET.Build.0 = Debug|.NET
		{D5220F0C-CEA9-4BF7-8AE1-EF93D388081E}.Debug|Any CPU.ActiveCfg = Debug|.NET
		{D5220F0C-CEA9-4BF7-8AE1-EF93D388081E}.Debug|Mixed Platforms.ActiveCfg = Debug|.NET
		{D5220F0C-CEA9-4BF7-8AE1-EF93D388081E}.Debug|Mixed Platforms.Build.0 = Debug|.NET
		{D5220F0C-CEA9-4BF7-8AE1-EF93D388081E}.Release|.NET.ActiveCfg = Debug|.NET
		{D5220F0C-CEA9-4BF7-8AE1-EF93D388081E}.Release|.NET.Build.0 = Debug|.NET
		{D5220F0C-CEA9-4BF7-8AE1-EF93D388081E}.Release|Any CPU.ActiveCfg = Debug|.NET
		{D5220F0C-CEA9-4BF7-8AE1-EF93D388081E}.Release|Mixed Platforms.ActiveCfg = Debug|.NET
		{D5220F0C-CEA9-4BF7-8AE1-EF93D388081E}.Release|Mixed Platforms.Build.0 = Debug|.NET
	EndGlobalSection
	GlobalSection(SolutionProperties) = preSolution
		HideSolutionNode = FALSE
	EndGlobalSection
EndGlobal
