
Microsoft Visual Studio Solution File, Format Version 10.00
# Visual Studio 2008
Project("{FAE04EC0-301F-11D3-BF4B-00C04F79EFBC}") = "Snippet3-22", "Snippet3-22\Snippet3-22.csproj", "{60F0866C-5E06-4294-91F9-52CD936A0F95}"
EndProject
Project("{E24C65DC-7377-472B-9ABA-BC803B73C61A}") = "Snippet3-22Web", "Snippet3-22Web\", "{3BE7BD80-B613-4729-8EC7-DACDE5717F7F}"
	ProjectSection(WebsiteProperties) = preProject
		TargetFramework = "3.5"
		Debug.AspNetCompiler.VirtualPath = "/Snippet3-22Web"
		Debug.AspNetCompiler.PhysicalPath = "Snippet3-22Web\"
		Debug.AspNetCompiler.TargetPath = "PrecompiledWeb\Snippet3-22Web\"
		Debug.AspNetCompiler.Updateable = "true"
		Debug.AspNetCompiler.ForceOverwrite = "true"
		Debug.AspNetCompiler.FixedNames = "false"
		Debug.AspNetCompiler.Debug = "True"
		Release.AspNetCompiler.VirtualPath = "/Snippet3-22Web"
		Release.AspNetCompiler.PhysicalPath = "Snippet3-22Web\"
		Release.AspNetCompiler.TargetPath = "PrecompiledWeb\Snippet3-22Web\"
		Release.AspNetCompiler.Updateable = "true"
		Release.AspNetCompiler.ForceOverwrite = "true"
		Release.AspNetCompiler.FixedNames = "false"
		Release.AspNetCompiler.Debug = "False"
		VWDPort = "50184"
		DefaultWebSiteLanguage = "Visual C#"
		ProjOutputReferences = "{60F0866C-5E06-4294-91F9-52CD936A0F95}|ClientBin|false;"
	EndProjectSection
EndProject
Global
	GlobalSection(SolutionConfigurationPlatforms) = preSolution
		Debug|.NET = Debug|.NET
		Debug|Any CPU = Debug|Any CPU
		Debug|Mixed Platforms = Debug|Mixed Platforms
		Release|.NET = Release|.NET
		Release|Any CPU = Release|Any CPU
		Release|Mixed Platforms = Release|Mixed Platforms
	EndGlobalSection
	GlobalSection(ProjectConfigurationPlatforms) = postSolution
		{60F0866C-5E06-4294-91F9-52CD936A0F95}.Debug|.NET.ActiveCfg = Debug|Any CPU
		{60F0866C-5E06-4294-91F9-52CD936A0F95}.Debug|Any CPU.ActiveCfg = Debug|Any CPU
		{60F0866C-5E06-4294-91F9-52CD936A0F95}.Debug|Any CPU.Build.0 = Debug|Any CPU
		{60F0866C-5E06-4294-91F9-52CD936A0F95}.Debug|Mixed Platforms.ActiveCfg = Debug|Any CPU
		{60F0866C-5E06-4294-91F9-52CD936A0F95}.Debug|Mixed Platforms.Build.0 = Debug|Any CPU
		{60F0866C-5E06-4294-91F9-52CD936A0F95}.Release|.NET.ActiveCfg = Release|Any CPU
		{60F0866C-5E06-4294-91F9-52CD936A0F95}.Release|Any CPU.ActiveCfg = Release|Any CPU
		{60F0866C-5E06-4294-91F9-52CD936A0F95}.Release|Any CPU.Build.0 = Release|Any CPU
		{60F0866C-5E06-4294-91F9-52CD936A0F95}.Release|Mixed Platforms.ActiveCfg = Release|Any CPU
		{60F0866C-5E06-4294-91F9-52CD936A0F95}.Release|Mixed Platforms.Build.0 = Release|Any CPU
		{3BE7BD80-B613-4729-8EC7-DACDE5717F7F}.Debug|.NET.ActiveCfg = Debug|.NET
		{3BE7BD80-B613-4729-8EC7-DACDE5717F7F}.Debug|.NET.Build.0 = Debug|.NET
		{3BE7BD80-B613-4729-8EC7-DACDE5717F7F}.Debug|Any CPU.ActiveCfg = Debug|.NET
		{3BE7BD80-B613-4729-8EC7-DACDE5717F7F}.Debug|Mixed Platforms.ActiveCfg = Debug|.NET
		{3BE7BD80-B613-4729-8EC7-DACDE5717F7F}.Debug|Mixed Platforms.Build.0 = Debug|.NET
		{3BE7BD80-B613-4729-8EC7-DACDE5717F7F}.Release|.NET.ActiveCfg = Debug|.NET
		{3BE7BD80-B613-4729-8EC7-DACDE5717F7F}.Release|.NET.Build.0 = Debug|.NET
		{3BE7BD80-B613-4729-8EC7-DACDE5717F7F}.Release|Any CPU.ActiveCfg = Debug|.NET
		{3BE7BD80-B613-4729-8EC7-DACDE5717F7F}.Release|Mixed Platforms.ActiveCfg = Debug|.NET
		{3BE7BD80-B613-4729-8EC7-DACDE5717F7F}.Release|Mixed Platforms.Build.0 = Debug|.NET
	EndGlobalSection
	GlobalSection(SolutionProperties) = preSolution
		HideSolutionNode = FALSE
	EndGlobalSection
EndGlobal
