
Microsoft Visual Studio Solution File, Format Version 10.00
# Visual Studio 2008
Project("{FAE04EC0-301F-11D3-BF4B-00C04F79EFBC}") = "Snippet10-19", "Snippet10-19\Snippet10-19.csproj", "{B3DF3EC1-A769-4269-976F-E93BAF835DAA}"
EndProject
Project("{FAE04EC0-301F-11D3-BF4B-00C04F79EFBC}") = "Snippet10-19Web", "Snippet10-19Web\Snippet10-19Web.csproj", "{1F236D2C-C022-41BB-8B0C-5322BE2E3E01}"
EndProject
Global
	GlobalSection(SolutionConfigurationPlatforms) = preSolution
		Debug|Any CPU = Debug|Any CPU
		Release|Any CPU = Release|Any CPU
	EndGlobalSection
	GlobalSection(ProjectConfigurationPlatforms) = postSolution
		{B3DF3EC1-A769-4269-976F-E93BAF835DAA}.Debug|Any CPU.ActiveCfg = Debug|Any CPU
		{B3DF3EC1-A769-4269-976F-E93BAF835DAA}.Debug|Any CPU.Build.0 = Debug|Any CPU
		{B3DF3EC1-A769-4269-976F-E93BAF835DAA}.Release|Any CPU.ActiveCfg = Release|Any CPU
		{B3DF3EC1-A769-4269-976F-E93BAF835DAA}.Release|Any CPU.Build.0 = Release|Any CPU
		{1F236D2C-C022-41BB-8B0C-5322BE2E3E01}.Debug|Any CPU.ActiveCfg = Debug|Any CPU
		{1F236D2C-C022-41BB-8B0C-5322BE2E3E01}.Debug|Any CPU.Build.0 = Debug|Any CPU
		{1F236D2C-C022-41BB-8B0C-5322BE2E3E01}.Release|Any CPU.ActiveCfg = Release|Any CPU
		{1F236D2C-C022-41BB-8B0C-5322BE2E3E01}.Release|Any CPU.Build.0 = Release|Any CPU
	EndGlobalSection
	GlobalSection(SolutionProperties) = preSolution
		HideSolutionNode = FALSE
	EndGlobalSection
EndGlobal
