
Microsoft Visual Studio Solution File, Format Version 10.00
# Visual Studio 2008
Project("{FAE04EC0-301F-11D3-BF4B-00C04F79EFBC}") = "Walkthrough08", "Walkthrough08\Walkthrough08.csproj", "{91034B03-00EA-473E-952D-63DCF81E7475}"
EndProject
Global
	GlobalSection(SolutionConfigurationPlatforms) = preSolution
		Debug|Any CPU = Debug|Any CPU
		Release|Any CPU = Release|Any CPU
	EndGlobalSection
	GlobalSection(ProjectConfigurationPlatforms) = postSolution
		{91034B03-00EA-473E-952D-63DCF81E7475}.Debug|Any CPU.ActiveCfg = Debug|Any CPU
		{91034B03-00EA-473E-952D-63DCF81E7475}.Debug|Any CPU.Build.0 = Debug|Any CPU
		{91034B03-00EA-473E-952D-63DCF81E7475}.Release|Any CPU.ActiveCfg = Release|Any CPU
		{91034B03-00EA-473E-952D-63DCF81E7475}.Release|Any CPU.Build.0 = Release|Any CPU
	EndGlobalSection
EndGlobal
